
Microsoft Visual Studio Solution File, Format Version 12.00
# Visual Studio Version 17
VisualStudioVersion = 17.4.33213.308
MinimumVisualStudioVersion = 10.0.40219.1
Project("{9A19103F-16F7-4668-BE54-9A1E7A4F7556}") = "Karawan", "Karawan\Karawan.csproj", "{C8C8DD14-DF84-4FB6-9941-576215389694}"
	ProjectSection(ProjectDependencies) = postProject
		{4C6243F1-1B4F-4ECF-ACE7-3E8E75B3B917} = {4C6243F1-1B4F-4ECF-ACE7-3E8E75B3B917}
		{990B4C3D-1E5E-4D39-A76A-0C191C5F4A32} = {990B4C3D-1E5E-4D39-A76A-0C191C5F4A32}
	EndProjectSection
EndProject
Project("{FAE04EC0-301F-11D3-BF4B-00C04F79EFBC}") = "Botnik", "Botnik\Botnik.csproj", "{A29CF836-D62A-466F-9E06-5F9F04E0158E}"
	ProjectSection(ProjectDependencies) = postProject
		{4C6243F1-1B4F-4ECF-ACE7-3E8E75B3B917} = {4C6243F1-1B4F-4ECF-ACE7-3E8E75B3B917}
		{4F362D4B-F5A4-4B0D-9BDF-3B5A808F15DE} = {4F362D4B-F5A4-4B0D-9BDF-3B5A808F15DE}
		{990B4C3D-1E5E-4D39-A76A-0C191C5F4A32} = {990B4C3D-1E5E-4D39-A76A-0C191C5F4A32}
	EndProjectSection
EndProject
Project("{9A19103F-16F7-4668-BE54-9A1E7A4F7556}") = "Joyce", "Joyce\Joyce.csproj", "{4C6243F1-1B4F-4ECF-ACE7-3E8E75B3B917}"
EndProject
Project("{9A19103F-16F7-4668-BE54-9A1E7A4F7556}") = "splash", "splash\splash.csproj", "{990B4C3D-1E5E-4D39-A76A-0C191C5F4A32}"
	ProjectSection(ProjectDependencies) = postProject
		{4C6243F1-1B4F-4ECF-ACE7-3E8E75B3B917} = {4C6243F1-1B4F-4ECF-ACE7-3E8E75B3B917}
	EndProjectSection
EndProject
Project("{9A19103F-16F7-4668-BE54-9A1E7A4F7556}") = "nogame", "nogame\nogame.csproj", "{4F362D4B-F5A4-4B0D-9BDF-3B5A808F15DE}"
EndProject
Project("{FAE04EC0-301F-11D3-BF4B-00C04F79EFBC}") = "Benchmark", "Benchmark\Benchmark.csproj", "{94754F04-F5BF-4430-BA09-53CFB4B87C9F}"
	ProjectSection(ProjectDependencies) = postProject
		{4C6243F1-1B4F-4ECF-ACE7-3E8E75B3B917} = {4C6243F1-1B4F-4ECF-ACE7-3E8E75B3B917}
		{990B4C3D-1E5E-4D39-A76A-0C191C5F4A32} = {990B4C3D-1E5E-4D39-A76A-0C191C5F4A32}
	EndProjectSection
EndProject
Global
	GlobalSection(SolutionConfigurationPlatforms) = preSolution
		Debug|Any CPU = Debug|Any CPU
		Release|Any CPU = Release|Any CPU
	EndGlobalSection
	GlobalSection(ProjectConfigurationPlatforms) = postSolution
		{C8C8DD14-DF84-4FB6-9941-576215389694}.Debug|Any CPU.ActiveCfg = Debug|Any CPU
		{C8C8DD14-DF84-4FB6-9941-576215389694}.Debug|Any CPU.Build.0 = Debug|Any CPU
		{C8C8DD14-DF84-4FB6-9941-576215389694}.Release|Any CPU.ActiveCfg = Release|Any CPU
		{C8C8DD14-DF84-4FB6-9941-576215389694}.Release|Any CPU.Build.0 = Release|Any CPU
		{A29CF836-D62A-466F-9E06-5F9F04E0158E}.Debug|Any CPU.ActiveCfg = Debug|Any CPU
		{A29CF836-D62A-466F-9E06-5F9F04E0158E}.Release|Any CPU.ActiveCfg = Release|Any CPU
		{A29CF836-D62A-466F-9E06-5F9F04E0158E}.Release|Any CPU.Build.0 = Release|Any CPU
		{A29CF836-D62A-466F-9E06-5F9F04E0158E}.Release|Any CPU.Deploy.0 = Release|Any CPU
		{4C6243F1-1B4F-4ECF-ACE7-3E8E75B3B917}.Debug|Any CPU.ActiveCfg = Debug|Any CPU
		{4C6243F1-1B4F-4ECF-ACE7-3E8E75B3B917}.Debug|Any CPU.Build.0 = Debug|Any CPU
		{4C6243F1-1B4F-4ECF-ACE7-3E8E75B3B917}.Release|Any CPU.ActiveCfg = Release|Any CPU
		{4C6243F1-1B4F-4ECF-ACE7-3E8E75B3B917}.Release|Any CPU.Build.0 = Release|Any CPU
		{990B4C3D-1E5E-4D39-A76A-0C191C5F4A32}.Debug|Any CPU.ActiveCfg = Debug|Any CPU
		{990B4C3D-1E5E-4D39-A76A-0C191C5F4A32}.Debug|Any CPU.Build.0 = Debug|Any CPU
		{990B4C3D-1E5E-4D39-A76A-0C191C5F4A32}.Release|Any CPU.ActiveCfg = Release|Any CPU
		{990B4C3D-1E5E-4D39-A76A-0C191C5F4A32}.Release|Any CPU.Build.0 = Release|Any CPU
		{4F362D4B-F5A4-4B0D-9BDF-3B5A808F15DE}.Debug|Any CPU.ActiveCfg = Debug|Any CPU
		{4F362D4B-F5A4-4B0D-9BDF-3B5A808F15DE}.Debug|Any CPU.Build.0 = Debug|Any CPU
		{4F362D4B-F5A4-4B0D-9BDF-3B5A808F15DE}.Release|Any CPU.ActiveCfg = Release|Any CPU
		{4F362D4B-F5A4-4B0D-9BDF-3B5A808F15DE}.Release|Any CPU.Build.0 = Release|Any CPU
		{94754F04-F5BF-4430-BA09-53CFB4B87C9F}.Debug|Any CPU.ActiveCfg = Debug|Any CPU
		{94754F04-F5BF-4430-BA09-53CFB4B87C9F}.Debug|Any CPU.Build.0 = Debug|Any CPU
		{94754F04-F5BF-4430-BA09-53CFB4B87C9F}.Release|Any CPU.ActiveCfg = Release|Any CPU
		{94754F04-F5BF-4430-BA09-53CFB4B87C9F}.Release|Any CPU.Build.0 = Release|Any CPU
	EndGlobalSection
	GlobalSection(SolutionProperties) = preSolution
		HideSolutionNode = FALSE
	EndGlobalSection
	GlobalSection(ExtensibilityGlobals) = postSolution
		SolutionGuid = {2C4A52FC-73DE-4876-8426-824572D9365E}
	EndGlobalSection
EndGlobal
