
Microsoft Visual Studio Solution File, Format Version 12.00
# Visual Studio Version 17
VisualStudioVersion = 17.4.33213.308
MinimumVisualStudioVersion = 10.0.40219.1
Project("{9A19103F-16F7-4668-BE54-9A1E7A4F7556}") = "Karawan", "Karawan\Karawan.csproj", "{C8C8DD14-DF84-4FB6-9941-576215389694}"
	ProjectSection(ProjectDependencies) = postProject
		{4C6243F1-1B4F-4ECF-ACE7-3E8E75B3B917} = {4C6243F1-1B4F-4ECF-ACE7-3E8E75B3B917}
		{990B4C3D-1E5E-4D39-A76A-0C191C5F4A32} = {990B4C3D-1E5E-4D39-A76A-0C191C5F4A32}
	EndProjectSection
EndProject
Project("{9A19103F-16F7-4668-BE54-9A1E7A4F7556}") = "Joyce", "Joyce\Joyce.csproj", "{4C6243F1-1B4F-4ECF-ACE7-3E8E75B3B917}"
EndProject
Project("{9A19103F-16F7-4668-BE54-9A1E7A4F7556}") = "Splash", "Splash\Splash.csproj", "{990B4C3D-1E5E-4D39-A76A-0C191C5F4A32}"
	ProjectSection(ProjectDependencies) = postProject
		{4C6243F1-1B4F-4ECF-ACE7-3E8E75B3B917} = {4C6243F1-1B4F-4ECF-ACE7-3E8E75B3B917}
	EndProjectSection
EndProject
Project("{9A19103F-16F7-4668-BE54-9A1E7A4F7556}") = "nogame", "nogame\nogame.csproj", "{4F362D4B-F5A4-4B0D-9BDF-3B5A808F15DE}"
EndProject
Project("{D954291E-2A0B-460D-934E-DC6B0785DB48}") = "nogameCode", "nogameCode\nogameCode.shproj", "{65A59DBA-280F-406D-B941-DF4C68797BA5}"
EndProject
Project("{9A19103F-16F7-4668-BE54-9A1E7A4F7556}") = "BepuPhysics", "..\..\github\BepuPhysics2\BepuPhysics\BepuPhysics.csproj", "{4AA96410-22F7-4473-B187-CE50FD1C6773}"
EndProject
Project("{9A19103F-16F7-4668-BE54-9A1E7A4F7556}") = "BepuUtilities", "..\..\github\BepuPhysics2\BepuUtilities\BepuUtilities.csproj", "{04406E59-DC40-498A-8969-08876ED3AD96}"
EndProject
Project("{9A19103F-16F7-4668-BE54-9A1E7A4F7556}") = "Wuka", "Wuka\Wuka.csproj", "{8FA4A211-8A0F-4488-8E1F-46677FA01AE9}"
EndProject
Project("{D954291E-2A0B-460D-934E-DC6B0785DB48}") = "JoyceCode", "JoyceCode\JoyceCode.shproj", "{77780CB7-FBC2-4301-9187-2428EF25DC3D}"
EndProject
Project("{D954291E-2A0B-460D-934E-DC6B0785DB48}") = "Wire.Shared", "Wire.Shared\Wire.Shared.shproj", "{1842530A-8EDB-4A38-8D3F-06E33E1EEFF6}"
EndProject
Project("{D954291E-2A0B-460D-934E-DC6B0785DB48}") = "WireClient.Shared", "WireClient.Shared\WireClient.Shared.shproj", "{A5060FE1-62EA-4769-BD17-6C97CAAE65EF}"
EndProject
Project("{D954291E-2A0B-460D-934E-DC6B0785DB48}") = "WireServer.Shared", "WireServer.Shared\WireServer.Shared.shproj", "{EE6AFFB0-624D-4B21-A6AA-B55E9E8A9280}"
EndProject
Project("{9A19103F-16F7-4668-BE54-9A1E7A4F7556}") = "Wire", "Wire\Wire.csproj", "{A3B474B2-0420-4375-89AB-A129BBB5C74C}"
EndProject
Project("{9A19103F-16F7-4668-BE54-9A1E7A4F7556}") = "WireClient", "WireClient\WireClient.csproj", "{BA25F58F-E80E-4EF9-8613-F72FA4478892}"
EndProject
Project("{9A19103F-16F7-4668-BE54-9A1E7A4F7556}") = "WireServer", "WireServer\WireServer.csproj", "{E9BF7137-96ED-4992-8B98-B3BE438F6F66}"
EndProject
Project("{D954291E-2A0B-460D-934E-DC6B0785DB48}") = "BoomCode", "BoomCode\BoomCode.shproj", "{209D3D45-EC84-4BCD-A704-E7D0E799C50D}"
EndProject
Project("{9A19103F-16F7-4668-BE54-9A1E7A4F7556}") = "Boom", "Boom\Boom.csproj", "{732A58F8-7A92-461E-A3A0-CF2C535E7D9B}"
EndProject
Project("{9A19103F-16F7-4668-BE54-9A1E7A4F7556}") = "Splash.Raylib", "Splash.Raylib\Splash.Raylib.csproj", "{A182147E-F380-433E-995E-AA38EBD8BE87}"
EndProject
Project("{9A19103F-16F7-4668-BE54-9A1E7A4F7556}") = "Splash.Silk", "Splash.Silk\Splash.Silk.csproj", "{D0D207D7-1B26-4E47-B259-FF5272613F26}"
EndProject
Project("{9A19103F-16F7-4668-BE54-9A1E7A4F7556}") = "Barnaby", "Barnaby\Barnaby\Barnaby.csproj", "{F77FB0AD-3C91-4DC9-AF77-D7C39654A894}"
EndProject
Project("{9A19103F-16F7-4668-BE54-9A1E7A4F7556}") = "Barnaby.Windows", "Barnaby\Barnaby.Windows\Barnaby.Windows.csproj", "{B31FBF90-2C9F-44E7-8399-D5F003BFA12E}"
EndProject
Global
	GlobalSection(SolutionConfigurationPlatforms) = preSolution
		Debug|Any CPU = Debug|Any CPU
		Debug|arm64 = Debug|arm64
		Debug|x64 = Debug|x64
		Debug|x86 = Debug|x86
		Release|Any CPU = Release|Any CPU
		Release|arm64 = Release|arm64
		Release|x64 = Release|x64
		Release|x86 = Release|x86
		ReleaseNoProfiling|Any CPU = ReleaseNoProfiling|Any CPU
		ReleaseNoProfiling|arm64 = ReleaseNoProfiling|arm64
		ReleaseNoProfiling|x64 = ReleaseNoProfiling|x64
		ReleaseNoProfiling|x86 = ReleaseNoProfiling|x86
	EndGlobalSection
	GlobalSection(ProjectConfigurationPlatforms) = postSolution
		{C8C8DD14-DF84-4FB6-9941-576215389694}.Debug|Any CPU.ActiveCfg = Debug|Any CPU
		{C8C8DD14-DF84-4FB6-9941-576215389694}.Debug|Any CPU.Build.0 = Debug|Any CPU
		{C8C8DD14-DF84-4FB6-9941-576215389694}.Debug|arm64.ActiveCfg = Debug|Any CPU
		{C8C8DD14-DF84-4FB6-9941-576215389694}.Debug|arm64.Build.0 = Debug|Any CPU
		{C8C8DD14-DF84-4FB6-9941-576215389694}.Debug|x64.ActiveCfg = Debug|Any CPU
		{C8C8DD14-DF84-4FB6-9941-576215389694}.Debug|x64.Build.0 = Debug|Any CPU
		{C8C8DD14-DF84-4FB6-9941-576215389694}.Debug|x86.ActiveCfg = Debug|Any CPU
		{C8C8DD14-DF84-4FB6-9941-576215389694}.Debug|x86.Build.0 = Debug|Any CPU
		{C8C8DD14-DF84-4FB6-9941-576215389694}.Release|Any CPU.ActiveCfg = Release|Any CPU
		{C8C8DD14-DF84-4FB6-9941-576215389694}.Release|Any CPU.Build.0 = Release|Any CPU
		{C8C8DD14-DF84-4FB6-9941-576215389694}.Release|arm64.ActiveCfg = Release|Any CPU
		{C8C8DD14-DF84-4FB6-9941-576215389694}.Release|arm64.Build.0 = Release|Any CPU
		{C8C8DD14-DF84-4FB6-9941-576215389694}.Release|x64.ActiveCfg = Release|Any CPU
		{C8C8DD14-DF84-4FB6-9941-576215389694}.Release|x64.Build.0 = Release|Any CPU
		{C8C8DD14-DF84-4FB6-9941-576215389694}.Release|x86.ActiveCfg = Release|Any CPU
		{C8C8DD14-DF84-4FB6-9941-576215389694}.Release|x86.Build.0 = Release|Any CPU
		{C8C8DD14-DF84-4FB6-9941-576215389694}.ReleaseNoProfiling|Any CPU.ActiveCfg = Release|Any CPU
		{C8C8DD14-DF84-4FB6-9941-576215389694}.ReleaseNoProfiling|Any CPU.Build.0 = Release|Any CPU
		{C8C8DD14-DF84-4FB6-9941-576215389694}.ReleaseNoProfiling|arm64.ActiveCfg = Release|Any CPU
		{C8C8DD14-DF84-4FB6-9941-576215389694}.ReleaseNoProfiling|arm64.Build.0 = Release|Any CPU
		{C8C8DD14-DF84-4FB6-9941-576215389694}.ReleaseNoProfiling|x64.ActiveCfg = Release|Any CPU
		{C8C8DD14-DF84-4FB6-9941-576215389694}.ReleaseNoProfiling|x64.Build.0 = Release|Any CPU
		{C8C8DD14-DF84-4FB6-9941-576215389694}.ReleaseNoProfiling|x86.ActiveCfg = Release|Any CPU
		{C8C8DD14-DF84-4FB6-9941-576215389694}.ReleaseNoProfiling|x86.Build.0 = Release|Any CPU
		{4C6243F1-1B4F-4ECF-ACE7-3E8E75B3B917}.Debug|Any CPU.ActiveCfg = Debug|Any CPU
		{4C6243F1-1B4F-4ECF-ACE7-3E8E75B3B917}.Debug|Any CPU.Build.0 = Debug|Any CPU
		{4C6243F1-1B4F-4ECF-ACE7-3E8E75B3B917}.Debug|arm64.ActiveCfg = Debug|Any CPU
		{4C6243F1-1B4F-4ECF-ACE7-3E8E75B3B917}.Debug|arm64.Build.0 = Debug|Any CPU
		{4C6243F1-1B4F-4ECF-ACE7-3E8E75B3B917}.Debug|x64.ActiveCfg = Debug|Any CPU
		{4C6243F1-1B4F-4ECF-ACE7-3E8E75B3B917}.Debug|x64.Build.0 = Debug|Any CPU
		{4C6243F1-1B4F-4ECF-ACE7-3E8E75B3B917}.Debug|x86.ActiveCfg = Debug|Any CPU
		{4C6243F1-1B4F-4ECF-ACE7-3E8E75B3B917}.Debug|x86.Build.0 = Debug|Any CPU
		{4C6243F1-1B4F-4ECF-ACE7-3E8E75B3B917}.Release|Any CPU.ActiveCfg = Release|Any CPU
		{4C6243F1-1B4F-4ECF-ACE7-3E8E75B3B917}.Release|Any CPU.Build.0 = Release|Any CPU
		{4C6243F1-1B4F-4ECF-ACE7-3E8E75B3B917}.Release|arm64.ActiveCfg = Release|Any CPU
		{4C6243F1-1B4F-4ECF-ACE7-3E8E75B3B917}.Release|arm64.Build.0 = Release|Any CPU
		{4C6243F1-1B4F-4ECF-ACE7-3E8E75B3B917}.Release|x64.ActiveCfg = Release|Any CPU
		{4C6243F1-1B4F-4ECF-ACE7-3E8E75B3B917}.Release|x64.Build.0 = Release|Any CPU
		{4C6243F1-1B4F-4ECF-ACE7-3E8E75B3B917}.Release|x86.ActiveCfg = Release|Any CPU
		{4C6243F1-1B4F-4ECF-ACE7-3E8E75B3B917}.Release|x86.Build.0 = Release|Any CPU
		{4C6243F1-1B4F-4ECF-ACE7-3E8E75B3B917}.ReleaseNoProfiling|Any CPU.ActiveCfg = Release|Any CPU
		{4C6243F1-1B4F-4ECF-ACE7-3E8E75B3B917}.ReleaseNoProfiling|Any CPU.Build.0 = Release|Any CPU
		{4C6243F1-1B4F-4ECF-ACE7-3E8E75B3B917}.ReleaseNoProfiling|arm64.ActiveCfg = Release|Any CPU
		{4C6243F1-1B4F-4ECF-ACE7-3E8E75B3B917}.ReleaseNoProfiling|arm64.Build.0 = Release|Any CPU
		{4C6243F1-1B4F-4ECF-ACE7-3E8E75B3B917}.ReleaseNoProfiling|x64.ActiveCfg = Release|Any CPU
		{4C6243F1-1B4F-4ECF-ACE7-3E8E75B3B917}.ReleaseNoProfiling|x64.Build.0 = Release|Any CPU
		{4C6243F1-1B4F-4ECF-ACE7-3E8E75B3B917}.ReleaseNoProfiling|x86.ActiveCfg = Release|Any CPU
		{4C6243F1-1B4F-4ECF-ACE7-3E8E75B3B917}.ReleaseNoProfiling|x86.Build.0 = Release|Any CPU
		{990B4C3D-1E5E-4D39-A76A-0C191C5F4A32}.Debug|Any CPU.ActiveCfg = Debug|Any CPU
		{990B4C3D-1E5E-4D39-A76A-0C191C5F4A32}.Debug|Any CPU.Build.0 = Debug|Any CPU
		{990B4C3D-1E5E-4D39-A76A-0C191C5F4A32}.Debug|arm64.ActiveCfg = Debug|Any CPU
		{990B4C3D-1E5E-4D39-A76A-0C191C5F4A32}.Debug|arm64.Build.0 = Debug|Any CPU
		{990B4C3D-1E5E-4D39-A76A-0C191C5F4A32}.Debug|x64.ActiveCfg = Debug|Any CPU
		{990B4C3D-1E5E-4D39-A76A-0C191C5F4A32}.Debug|x64.Build.0 = Debug|Any CPU
		{990B4C3D-1E5E-4D39-A76A-0C191C5F4A32}.Debug|x86.ActiveCfg = Debug|Any CPU
		{990B4C3D-1E5E-4D39-A76A-0C191C5F4A32}.Debug|x86.Build.0 = Debug|Any CPU
		{990B4C3D-1E5E-4D39-A76A-0C191C5F4A32}.Release|Any CPU.ActiveCfg = Release|Any CPU
		{990B4C3D-1E5E-4D39-A76A-0C191C5F4A32}.Release|Any CPU.Build.0 = Release|Any CPU
		{990B4C3D-1E5E-4D39-A76A-0C191C5F4A32}.Release|arm64.ActiveCfg = Release|Any CPU
		{990B4C3D-1E5E-4D39-A76A-0C191C5F4A32}.Release|arm64.Build.0 = Release|Any CPU
		{990B4C3D-1E5E-4D39-A76A-0C191C5F4A32}.Release|x64.ActiveCfg = Release|Any CPU
		{990B4C3D-1E5E-4D39-A76A-0C191C5F4A32}.Release|x64.Build.0 = Release|Any CPU
		{990B4C3D-1E5E-4D39-A76A-0C191C5F4A32}.Release|x86.ActiveCfg = Release|Any CPU
		{990B4C3D-1E5E-4D39-A76A-0C191C5F4A32}.Release|x86.Build.0 = Release|Any CPU
		{990B4C3D-1E5E-4D39-A76A-0C191C5F4A32}.ReleaseNoProfiling|Any CPU.ActiveCfg = Release|Any CPU
		{990B4C3D-1E5E-4D39-A76A-0C191C5F4A32}.ReleaseNoProfiling|Any CPU.Build.0 = Release|Any CPU
		{990B4C3D-1E5E-4D39-A76A-0C191C5F4A32}.ReleaseNoProfiling|arm64.ActiveCfg = Release|Any CPU
		{990B4C3D-1E5E-4D39-A76A-0C191C5F4A32}.ReleaseNoProfiling|arm64.Build.0 = Release|Any CPU
		{990B4C3D-1E5E-4D39-A76A-0C191C5F4A32}.ReleaseNoProfiling|x64.ActiveCfg = Release|Any CPU
		{990B4C3D-1E5E-4D39-A76A-0C191C5F4A32}.ReleaseNoProfiling|x64.Build.0 = Release|Any CPU
		{990B4C3D-1E5E-4D39-A76A-0C191C5F4A32}.ReleaseNoProfiling|x86.ActiveCfg = Release|Any CPU
		{990B4C3D-1E5E-4D39-A76A-0C191C5F4A32}.ReleaseNoProfiling|x86.Build.0 = Release|Any CPU
		{4F362D4B-F5A4-4B0D-9BDF-3B5A808F15DE}.Debug|Any CPU.ActiveCfg = Debug|Any CPU
		{4F362D4B-F5A4-4B0D-9BDF-3B5A808F15DE}.Debug|Any CPU.Build.0 = Debug|Any CPU
		{4F362D4B-F5A4-4B0D-9BDF-3B5A808F15DE}.Debug|arm64.ActiveCfg = Debug|Any CPU
		{4F362D4B-F5A4-4B0D-9BDF-3B5A808F15DE}.Debug|arm64.Build.0 = Debug|Any CPU
		{4F362D4B-F5A4-4B0D-9BDF-3B5A808F15DE}.Debug|x64.ActiveCfg = Debug|Any CPU
		{4F362D4B-F5A4-4B0D-9BDF-3B5A808F15DE}.Debug|x64.Build.0 = Debug|Any CPU
		{4F362D4B-F5A4-4B0D-9BDF-3B5A808F15DE}.Debug|x86.ActiveCfg = Debug|Any CPU
		{4F362D4B-F5A4-4B0D-9BDF-3B5A808F15DE}.Debug|x86.Build.0 = Debug|Any CPU
		{4F362D4B-F5A4-4B0D-9BDF-3B5A808F15DE}.Release|Any CPU.ActiveCfg = Release|Any CPU
		{4F362D4B-F5A4-4B0D-9BDF-3B5A808F15DE}.Release|Any CPU.Build.0 = Release|Any CPU
		{4F362D4B-F5A4-4B0D-9BDF-3B5A808F15DE}.Release|arm64.ActiveCfg = Release|Any CPU
		{4F362D4B-F5A4-4B0D-9BDF-3B5A808F15DE}.Release|arm64.Build.0 = Release|Any CPU
		{4F362D4B-F5A4-4B0D-9BDF-3B5A808F15DE}.Release|x64.ActiveCfg = Release|Any CPU
		{4F362D4B-F5A4-4B0D-9BDF-3B5A808F15DE}.Release|x64.Build.0 = Release|Any CPU
		{4F362D4B-F5A4-4B0D-9BDF-3B5A808F15DE}.Release|x86.ActiveCfg = Release|Any CPU
		{4F362D4B-F5A4-4B0D-9BDF-3B5A808F15DE}.Release|x86.Build.0 = Release|Any CPU
		{4F362D4B-F5A4-4B0D-9BDF-3B5A808F15DE}.ReleaseNoProfiling|Any CPU.ActiveCfg = Release|Any CPU
		{4F362D4B-F5A4-4B0D-9BDF-3B5A808F15DE}.ReleaseNoProfiling|Any CPU.Build.0 = Release|Any CPU
		{4F362D4B-F5A4-4B0D-9BDF-3B5A808F15DE}.ReleaseNoProfiling|arm64.ActiveCfg = Release|Any CPU
		{4F362D4B-F5A4-4B0D-9BDF-3B5A808F15DE}.ReleaseNoProfiling|arm64.Build.0 = Release|Any CPU
		{4F362D4B-F5A4-4B0D-9BDF-3B5A808F15DE}.ReleaseNoProfiling|x64.ActiveCfg = Release|Any CPU
		{4F362D4B-F5A4-4B0D-9BDF-3B5A808F15DE}.ReleaseNoProfiling|x64.Build.0 = Release|Any CPU
		{4F362D4B-F5A4-4B0D-9BDF-3B5A808F15DE}.ReleaseNoProfiling|x86.ActiveCfg = Release|Any CPU
		{4F362D4B-F5A4-4B0D-9BDF-3B5A808F15DE}.ReleaseNoProfiling|x86.Build.0 = Release|Any CPU
		{4AA96410-22F7-4473-B187-CE50FD1C6773}.Debug|Any CPU.ActiveCfg = Debug|Any CPU
		{4AA96410-22F7-4473-B187-CE50FD1C6773}.Debug|Any CPU.Build.0 = Debug|Any CPU
		{4AA96410-22F7-4473-B187-CE50FD1C6773}.Debug|arm64.ActiveCfg = Debug|Any CPU
		{4AA96410-22F7-4473-B187-CE50FD1C6773}.Debug|arm64.Build.0 = Debug|Any CPU
		{4AA96410-22F7-4473-B187-CE50FD1C6773}.Debug|x64.ActiveCfg = Debug|Any CPU
		{4AA96410-22F7-4473-B187-CE50FD1C6773}.Debug|x64.Build.0 = Debug|Any CPU
		{4AA96410-22F7-4473-B187-CE50FD1C6773}.Debug|x86.ActiveCfg = Debug|Any CPU
		{4AA96410-22F7-4473-B187-CE50FD1C6773}.Debug|x86.Build.0 = Debug|Any CPU
		{4AA96410-22F7-4473-B187-CE50FD1C6773}.Release|Any CPU.ActiveCfg = Release|Any CPU
		{4AA96410-22F7-4473-B187-CE50FD1C6773}.Release|Any CPU.Build.0 = Release|Any CPU
		{4AA96410-22F7-4473-B187-CE50FD1C6773}.Release|arm64.ActiveCfg = Release|Any CPU
		{4AA96410-22F7-4473-B187-CE50FD1C6773}.Release|arm64.Build.0 = Release|Any CPU
		{4AA96410-22F7-4473-B187-CE50FD1C6773}.Release|x64.ActiveCfg = Release|Any CPU
		{4AA96410-22F7-4473-B187-CE50FD1C6773}.Release|x64.Build.0 = Release|Any CPU
		{4AA96410-22F7-4473-B187-CE50FD1C6773}.Release|x86.ActiveCfg = Release|Any CPU
		{4AA96410-22F7-4473-B187-CE50FD1C6773}.Release|x86.Build.0 = Release|Any CPU
		{4AA96410-22F7-4473-B187-CE50FD1C6773}.ReleaseNoProfiling|Any CPU.ActiveCfg = ReleaseNoProfiling|Any CPU
		{4AA96410-22F7-4473-B187-CE50FD1C6773}.ReleaseNoProfiling|Any CPU.Build.0 = ReleaseNoProfiling|Any CPU
		{4AA96410-22F7-4473-B187-CE50FD1C6773}.ReleaseNoProfiling|arm64.ActiveCfg = ReleaseNoProfiling|Any CPU
		{4AA96410-22F7-4473-B187-CE50FD1C6773}.ReleaseNoProfiling|arm64.Build.0 = ReleaseNoProfiling|Any CPU
		{4AA96410-22F7-4473-B187-CE50FD1C6773}.ReleaseNoProfiling|x64.ActiveCfg = ReleaseNoProfiling|Any CPU
		{4AA96410-22F7-4473-B187-CE50FD1C6773}.ReleaseNoProfiling|x64.Build.0 = ReleaseNoProfiling|Any CPU
		{4AA96410-22F7-4473-B187-CE50FD1C6773}.ReleaseNoProfiling|x86.ActiveCfg = ReleaseNoProfiling|Any CPU
		{4AA96410-22F7-4473-B187-CE50FD1C6773}.ReleaseNoProfiling|x86.Build.0 = ReleaseNoProfiling|Any CPU
		{04406E59-DC40-498A-8969-08876ED3AD96}.Debug|Any CPU.ActiveCfg = Debug|Any CPU
		{04406E59-DC40-498A-8969-08876ED3AD96}.Debug|Any CPU.Build.0 = Debug|Any CPU
		{04406E59-DC40-498A-8969-08876ED3AD96}.Debug|arm64.ActiveCfg = Debug|Any CPU
		{04406E59-DC40-498A-8969-08876ED3AD96}.Debug|arm64.Build.0 = Debug|Any CPU
		{04406E59-DC40-498A-8969-08876ED3AD96}.Debug|x64.ActiveCfg = Debug|Any CPU
		{04406E59-DC40-498A-8969-08876ED3AD96}.Debug|x64.Build.0 = Debug|Any CPU
		{04406E59-DC40-498A-8969-08876ED3AD96}.Debug|x86.ActiveCfg = Debug|Any CPU
		{04406E59-DC40-498A-8969-08876ED3AD96}.Debug|x86.Build.0 = Debug|Any CPU
		{04406E59-DC40-498A-8969-08876ED3AD96}.Release|Any CPU.ActiveCfg = Release|Any CPU
		{04406E59-DC40-498A-8969-08876ED3AD96}.Release|Any CPU.Build.0 = Release|Any CPU
		{04406E59-DC40-498A-8969-08876ED3AD96}.Release|arm64.ActiveCfg = Release|Any CPU
		{04406E59-DC40-498A-8969-08876ED3AD96}.Release|arm64.Build.0 = Release|Any CPU
		{04406E59-DC40-498A-8969-08876ED3AD96}.Release|x64.ActiveCfg = Release|Any CPU
		{04406E59-DC40-498A-8969-08876ED3AD96}.Release|x64.Build.0 = Release|Any CPU
		{04406E59-DC40-498A-8969-08876ED3AD96}.Release|x86.ActiveCfg = Release|Any CPU
		{04406E59-DC40-498A-8969-08876ED3AD96}.Release|x86.Build.0 = Release|Any CPU
		{04406E59-DC40-498A-8969-08876ED3AD96}.ReleaseNoProfiling|Any CPU.ActiveCfg = Release|Any CPU
		{04406E59-DC40-498A-8969-08876ED3AD96}.ReleaseNoProfiling|Any CPU.Build.0 = Release|Any CPU
		{04406E59-DC40-498A-8969-08876ED3AD96}.ReleaseNoProfiling|arm64.ActiveCfg = Release|Any CPU
		{04406E59-DC40-498A-8969-08876ED3AD96}.ReleaseNoProfiling|arm64.Build.0 = Release|Any CPU
		{04406E59-DC40-498A-8969-08876ED3AD96}.ReleaseNoProfiling|x64.ActiveCfg = Release|Any CPU
		{04406E59-DC40-498A-8969-08876ED3AD96}.ReleaseNoProfiling|x64.Build.0 = Release|Any CPU
		{04406E59-DC40-498A-8969-08876ED3AD96}.ReleaseNoProfiling|x86.ActiveCfg = Release|Any CPU
		{04406E59-DC40-498A-8969-08876ED3AD96}.ReleaseNoProfiling|x86.Build.0 = Release|Any CPU
		{8FA4A211-8A0F-4488-8E1F-46677FA01AE9}.Debug|Any CPU.ActiveCfg = Debug|Any CPU
		{8FA4A211-8A0F-4488-8E1F-46677FA01AE9}.Debug|arm64.ActiveCfg = Debug|Any CPU
		{8FA4A211-8A0F-4488-8E1F-46677FA01AE9}.Debug|arm64.Build.0 = Debug|Any CPU
		{8FA4A211-8A0F-4488-8E1F-46677FA01AE9}.Debug|arm64.Deploy.0 = Debug|Any CPU
		{8FA4A211-8A0F-4488-8E1F-46677FA01AE9}.Debug|x64.ActiveCfg = Debug|Any CPU
		{8FA4A211-8A0F-4488-8E1F-46677FA01AE9}.Debug|x64.Build.0 = Debug|Any CPU
		{8FA4A211-8A0F-4488-8E1F-46677FA01AE9}.Debug|x64.Deploy.0 = Debug|Any CPU
		{8FA4A211-8A0F-4488-8E1F-46677FA01AE9}.Debug|x86.ActiveCfg = Debug|Any CPU
		{8FA4A211-8A0F-4488-8E1F-46677FA01AE9}.Debug|x86.Build.0 = Debug|Any CPU
		{8FA4A211-8A0F-4488-8E1F-46677FA01AE9}.Debug|x86.Deploy.0 = Debug|Any CPU
		{8FA4A211-8A0F-4488-8E1F-46677FA01AE9}.Release|Any CPU.ActiveCfg = Release|Any CPU
		{8FA4A211-8A0F-4488-8E1F-46677FA01AE9}.Release|arm64.ActiveCfg = Release|Any CPU
		{8FA4A211-8A0F-4488-8E1F-46677FA01AE9}.Release|arm64.Build.0 = Release|Any CPU
		{8FA4A211-8A0F-4488-8E1F-46677FA01AE9}.Release|arm64.Deploy.0 = Release|Any CPU
		{8FA4A211-8A0F-4488-8E1F-46677FA01AE9}.Release|x64.ActiveCfg = Release|Any CPU
		{8FA4A211-8A0F-4488-8E1F-46677FA01AE9}.Release|x64.Build.0 = Release|Any CPU
		{8FA4A211-8A0F-4488-8E1F-46677FA01AE9}.Release|x64.Deploy.0 = Release|Any CPU
		{8FA4A211-8A0F-4488-8E1F-46677FA01AE9}.Release|x86.ActiveCfg = Release|Any CPU
		{8FA4A211-8A0F-4488-8E1F-46677FA01AE9}.Release|x86.Build.0 = Release|Any CPU
		{8FA4A211-8A0F-4488-8E1F-46677FA01AE9}.Release|x86.Deploy.0 = Release|Any CPU
		{8FA4A211-8A0F-4488-8E1F-46677FA01AE9}.ReleaseNoProfiling|Any CPU.ActiveCfg = Release|Any CPU
		{8FA4A211-8A0F-4488-8E1F-46677FA01AE9}.ReleaseNoProfiling|arm64.ActiveCfg = Release|Any CPU
		{8FA4A211-8A0F-4488-8E1F-46677FA01AE9}.ReleaseNoProfiling|arm64.Build.0 = Release|Any CPU
		{8FA4A211-8A0F-4488-8E1F-46677FA01AE9}.ReleaseNoProfiling|arm64.Deploy.0 = Release|Any CPU
		{8FA4A211-8A0F-4488-8E1F-46677FA01AE9}.ReleaseNoProfiling|x64.ActiveCfg = Release|Any CPU
		{8FA4A211-8A0F-4488-8E1F-46677FA01AE9}.ReleaseNoProfiling|x64.Build.0 = Release|Any CPU
		{8FA4A211-8A0F-4488-8E1F-46677FA01AE9}.ReleaseNoProfiling|x64.Deploy.0 = Release|Any CPU
		{8FA4A211-8A0F-4488-8E1F-46677FA01AE9}.ReleaseNoProfiling|x86.ActiveCfg = Release|Any CPU
		{8FA4A211-8A0F-4488-8E1F-46677FA01AE9}.ReleaseNoProfiling|x86.Build.0 = Release|Any CPU
		{8FA4A211-8A0F-4488-8E1F-46677FA01AE9}.ReleaseNoProfiling|x86.Deploy.0 = Release|Any CPU
		{A3B474B2-0420-4375-89AB-A129BBB5C74C}.Debug|Any CPU.ActiveCfg = Debug|Any CPU
		{A3B474B2-0420-4375-89AB-A129BBB5C74C}.Debug|Any CPU.Build.0 = Debug|Any CPU
		{A3B474B2-0420-4375-89AB-A129BBB5C74C}.Debug|arm64.ActiveCfg = Debug|Any CPU
		{A3B474B2-0420-4375-89AB-A129BBB5C74C}.Debug|arm64.Build.0 = Debug|Any CPU
		{A3B474B2-0420-4375-89AB-A129BBB5C74C}.Debug|x64.ActiveCfg = Debug|Any CPU
		{A3B474B2-0420-4375-89AB-A129BBB5C74C}.Debug|x64.Build.0 = Debug|Any CPU
		{A3B474B2-0420-4375-89AB-A129BBB5C74C}.Debug|x86.ActiveCfg = Debug|Any CPU
		{A3B474B2-0420-4375-89AB-A129BBB5C74C}.Debug|x86.Build.0 = Debug|Any CPU
		{A3B474B2-0420-4375-89AB-A129BBB5C74C}.Release|Any CPU.ActiveCfg = Release|Any CPU
		{A3B474B2-0420-4375-89AB-A129BBB5C74C}.Release|Any CPU.Build.0 = Release|Any CPU
		{A3B474B2-0420-4375-89AB-A129BBB5C74C}.Release|arm64.ActiveCfg = Release|Any CPU
		{A3B474B2-0420-4375-89AB-A129BBB5C74C}.Release|arm64.Build.0 = Release|Any CPU
		{A3B474B2-0420-4375-89AB-A129BBB5C74C}.Release|x64.ActiveCfg = Release|Any CPU
		{A3B474B2-0420-4375-89AB-A129BBB5C74C}.Release|x64.Build.0 = Release|Any CPU
		{A3B474B2-0420-4375-89AB-A129BBB5C74C}.Release|x86.ActiveCfg = Release|Any CPU
		{A3B474B2-0420-4375-89AB-A129BBB5C74C}.Release|x86.Build.0 = Release|Any CPU
		{A3B474B2-0420-4375-89AB-A129BBB5C74C}.ReleaseNoProfiling|Any CPU.ActiveCfg = Release|Any CPU
		{A3B474B2-0420-4375-89AB-A129BBB5C74C}.ReleaseNoProfiling|Any CPU.Build.0 = Release|Any CPU
		{A3B474B2-0420-4375-89AB-A129BBB5C74C}.ReleaseNoProfiling|arm64.ActiveCfg = Release|Any CPU
		{A3B474B2-0420-4375-89AB-A129BBB5C74C}.ReleaseNoProfiling|arm64.Build.0 = Release|Any CPU
		{A3B474B2-0420-4375-89AB-A129BBB5C74C}.ReleaseNoProfiling|x64.ActiveCfg = Release|Any CPU
		{A3B474B2-0420-4375-89AB-A129BBB5C74C}.ReleaseNoProfiling|x64.Build.0 = Release|Any CPU
		{A3B474B2-0420-4375-89AB-A129BBB5C74C}.ReleaseNoProfiling|x86.ActiveCfg = Release|Any CPU
		{A3B474B2-0420-4375-89AB-A129BBB5C74C}.ReleaseNoProfiling|x86.Build.0 = Release|Any CPU
		{BA25F58F-E80E-4EF9-8613-F72FA4478892}.Debug|Any CPU.ActiveCfg = Debug|Any CPU
		{BA25F58F-E80E-4EF9-8613-F72FA4478892}.Debug|Any CPU.Build.0 = Debug|Any CPU
		{BA25F58F-E80E-4EF9-8613-F72FA4478892}.Debug|arm64.ActiveCfg = Debug|Any CPU
		{BA25F58F-E80E-4EF9-8613-F72FA4478892}.Debug|arm64.Build.0 = Debug|Any CPU
		{BA25F58F-E80E-4EF9-8613-F72FA4478892}.Debug|x64.ActiveCfg = Debug|Any CPU
		{BA25F58F-E80E-4EF9-8613-F72FA4478892}.Debug|x64.Build.0 = Debug|Any CPU
		{BA25F58F-E80E-4EF9-8613-F72FA4478892}.Debug|x86.ActiveCfg = Debug|Any CPU
		{BA25F58F-E80E-4EF9-8613-F72FA4478892}.Debug|x86.Build.0 = Debug|Any CPU
		{BA25F58F-E80E-4EF9-8613-F72FA4478892}.Release|Any CPU.ActiveCfg = Release|Any CPU
		{BA25F58F-E80E-4EF9-8613-F72FA4478892}.Release|Any CPU.Build.0 = Release|Any CPU
		{BA25F58F-E80E-4EF9-8613-F72FA4478892}.Release|arm64.ActiveCfg = Release|Any CPU
		{BA25F58F-E80E-4EF9-8613-F72FA4478892}.Release|arm64.Build.0 = Release|Any CPU
		{BA25F58F-E80E-4EF9-8613-F72FA4478892}.Release|x64.ActiveCfg = Release|Any CPU
		{BA25F58F-E80E-4EF9-8613-F72FA4478892}.Release|x64.Build.0 = Release|Any CPU
		{BA25F58F-E80E-4EF9-8613-F72FA4478892}.Release|x86.ActiveCfg = Release|Any CPU
		{BA25F58F-E80E-4EF9-8613-F72FA4478892}.Release|x86.Build.0 = Release|Any CPU
		{BA25F58F-E80E-4EF9-8613-F72FA4478892}.ReleaseNoProfiling|Any CPU.ActiveCfg = Release|Any CPU
		{BA25F58F-E80E-4EF9-8613-F72FA4478892}.ReleaseNoProfiling|Any CPU.Build.0 = Release|Any CPU
		{BA25F58F-E80E-4EF9-8613-F72FA4478892}.ReleaseNoProfiling|arm64.ActiveCfg = Release|Any CPU
		{BA25F58F-E80E-4EF9-8613-F72FA4478892}.ReleaseNoProfiling|arm64.Build.0 = Release|Any CPU
		{BA25F58F-E80E-4EF9-8613-F72FA4478892}.ReleaseNoProfiling|x64.ActiveCfg = Release|Any CPU
		{BA25F58F-E80E-4EF9-8613-F72FA4478892}.ReleaseNoProfiling|x64.Build.0 = Release|Any CPU
		{BA25F58F-E80E-4EF9-8613-F72FA4478892}.ReleaseNoProfiling|x86.ActiveCfg = Release|Any CPU
		{BA25F58F-E80E-4EF9-8613-F72FA4478892}.ReleaseNoProfiling|x86.Build.0 = Release|Any CPU
		{E9BF7137-96ED-4992-8B98-B3BE438F6F66}.Debug|Any CPU.ActiveCfg = Debug|Any CPU
		{E9BF7137-96ED-4992-8B98-B3BE438F6F66}.Debug|Any CPU.Build.0 = Debug|Any CPU
		{E9BF7137-96ED-4992-8B98-B3BE438F6F66}.Debug|arm64.ActiveCfg = Debug|Any CPU
		{E9BF7137-96ED-4992-8B98-B3BE438F6F66}.Debug|arm64.Build.0 = Debug|Any CPU
		{E9BF7137-96ED-4992-8B98-B3BE438F6F66}.Debug|x64.ActiveCfg = Debug|Any CPU
		{E9BF7137-96ED-4992-8B98-B3BE438F6F66}.Debug|x64.Build.0 = Debug|Any CPU
		{E9BF7137-96ED-4992-8B98-B3BE438F6F66}.Debug|x86.ActiveCfg = Debug|Any CPU
		{E9BF7137-96ED-4992-8B98-B3BE438F6F66}.Debug|x86.Build.0 = Debug|Any CPU
		{E9BF7137-96ED-4992-8B98-B3BE438F6F66}.Release|Any CPU.ActiveCfg = Release|Any CPU
		{E9BF7137-96ED-4992-8B98-B3BE438F6F66}.Release|Any CPU.Build.0 = Release|Any CPU
		{E9BF7137-96ED-4992-8B98-B3BE438F6F66}.Release|arm64.ActiveCfg = Release|Any CPU
		{E9BF7137-96ED-4992-8B98-B3BE438F6F66}.Release|arm64.Build.0 = Release|Any CPU
		{E9BF7137-96ED-4992-8B98-B3BE438F6F66}.Release|x64.ActiveCfg = Release|Any CPU
		{E9BF7137-96ED-4992-8B98-B3BE438F6F66}.Release|x64.Build.0 = Release|Any CPU
		{E9BF7137-96ED-4992-8B98-B3BE438F6F66}.Release|x86.ActiveCfg = Release|Any CPU
		{E9BF7137-96ED-4992-8B98-B3BE438F6F66}.Release|x86.Build.0 = Release|Any CPU
		{E9BF7137-96ED-4992-8B98-B3BE438F6F66}.ReleaseNoProfiling|Any CPU.ActiveCfg = Release|Any CPU
		{E9BF7137-96ED-4992-8B98-B3BE438F6F66}.ReleaseNoProfiling|Any CPU.Build.0 = Release|Any CPU
		{E9BF7137-96ED-4992-8B98-B3BE438F6F66}.ReleaseNoProfiling|arm64.ActiveCfg = Release|Any CPU
		{E9BF7137-96ED-4992-8B98-B3BE438F6F66}.ReleaseNoProfiling|arm64.Build.0 = Release|Any CPU
		{E9BF7137-96ED-4992-8B98-B3BE438F6F66}.ReleaseNoProfiling|x64.ActiveCfg = Release|Any CPU
		{E9BF7137-96ED-4992-8B98-B3BE438F6F66}.ReleaseNoProfiling|x64.Build.0 = Release|Any CPU
		{E9BF7137-96ED-4992-8B98-B3BE438F6F66}.ReleaseNoProfiling|x86.ActiveCfg = Release|Any CPU
		{E9BF7137-96ED-4992-8B98-B3BE438F6F66}.ReleaseNoProfiling|x86.Build.0 = Release|Any CPU
		{732A58F8-7A92-461E-A3A0-CF2C535E7D9B}.Debug|Any CPU.ActiveCfg = Debug|Any CPU
		{732A58F8-7A92-461E-A3A0-CF2C535E7D9B}.Debug|Any CPU.Build.0 = Debug|Any CPU
		{732A58F8-7A92-461E-A3A0-CF2C535E7D9B}.Debug|arm64.ActiveCfg = Debug|Any CPU
		{732A58F8-7A92-461E-A3A0-CF2C535E7D9B}.Debug|arm64.Build.0 = Debug|Any CPU
		{732A58F8-7A92-461E-A3A0-CF2C535E7D9B}.Debug|x64.ActiveCfg = Debug|Any CPU
		{732A58F8-7A92-461E-A3A0-CF2C535E7D9B}.Debug|x64.Build.0 = Debug|Any CPU
		{732A58F8-7A92-461E-A3A0-CF2C535E7D9B}.Debug|x86.ActiveCfg = Debug|Any CPU
		{732A58F8-7A92-461E-A3A0-CF2C535E7D9B}.Debug|x86.Build.0 = Debug|Any CPU
		{732A58F8-7A92-461E-A3A0-CF2C535E7D9B}.Release|Any CPU.ActiveCfg = Release|Any CPU
		{732A58F8-7A92-461E-A3A0-CF2C535E7D9B}.Release|Any CPU.Build.0 = Release|Any CPU
		{732A58F8-7A92-461E-A3A0-CF2C535E7D9B}.Release|arm64.ActiveCfg = Release|Any CPU
		{732A58F8-7A92-461E-A3A0-CF2C535E7D9B}.Release|arm64.Build.0 = Release|Any CPU
		{732A58F8-7A92-461E-A3A0-CF2C535E7D9B}.Release|x64.ActiveCfg = Release|Any CPU
		{732A58F8-7A92-461E-A3A0-CF2C535E7D9B}.Release|x64.Build.0 = Release|Any CPU
		{732A58F8-7A92-461E-A3A0-CF2C535E7D9B}.Release|x86.ActiveCfg = Release|Any CPU
		{732A58F8-7A92-461E-A3A0-CF2C535E7D9B}.Release|x86.Build.0 = Release|Any CPU
		{732A58F8-7A92-461E-A3A0-CF2C535E7D9B}.ReleaseNoProfiling|Any CPU.ActiveCfg = Release|Any CPU
		{732A58F8-7A92-461E-A3A0-CF2C535E7D9B}.ReleaseNoProfiling|Any CPU.Build.0 = Release|Any CPU
		{732A58F8-7A92-461E-A3A0-CF2C535E7D9B}.ReleaseNoProfiling|arm64.ActiveCfg = Release|Any CPU
		{732A58F8-7A92-461E-A3A0-CF2C535E7D9B}.ReleaseNoProfiling|arm64.Build.0 = Release|Any CPU
		{732A58F8-7A92-461E-A3A0-CF2C535E7D9B}.ReleaseNoProfiling|x64.ActiveCfg = Release|Any CPU
		{732A58F8-7A92-461E-A3A0-CF2C535E7D9B}.ReleaseNoProfiling|x64.Build.0 = Release|Any CPU
		{732A58F8-7A92-461E-A3A0-CF2C535E7D9B}.ReleaseNoProfiling|x86.ActiveCfg = Release|Any CPU
		{732A58F8-7A92-461E-A3A0-CF2C535E7D9B}.ReleaseNoProfiling|x86.Build.0 = Release|Any CPU
		{A182147E-F380-433E-995E-AA38EBD8BE87}.Debug|Any CPU.ActiveCfg = Debug|Any CPU
		{A182147E-F380-433E-995E-AA38EBD8BE87}.Debug|Any CPU.Build.0 = Debug|Any CPU
		{A182147E-F380-433E-995E-AA38EBD8BE87}.Debug|arm64.ActiveCfg = Debug|Any CPU
		{A182147E-F380-433E-995E-AA38EBD8BE87}.Debug|arm64.Build.0 = Debug|Any CPU
		{A182147E-F380-433E-995E-AA38EBD8BE87}.Debug|x64.ActiveCfg = Debug|Any CPU
		{A182147E-F380-433E-995E-AA38EBD8BE87}.Debug|x64.Build.0 = Debug|Any CPU
		{A182147E-F380-433E-995E-AA38EBD8BE87}.Debug|x86.ActiveCfg = Debug|Any CPU
		{A182147E-F380-433E-995E-AA38EBD8BE87}.Debug|x86.Build.0 = Debug|Any CPU
		{A182147E-F380-433E-995E-AA38EBD8BE87}.Release|Any CPU.ActiveCfg = Release|Any CPU
		{A182147E-F380-433E-995E-AA38EBD8BE87}.Release|Any CPU.Build.0 = Release|Any CPU
		{A182147E-F380-433E-995E-AA38EBD8BE87}.Release|arm64.ActiveCfg = Release|Any CPU
		{A182147E-F380-433E-995E-AA38EBD8BE87}.Release|arm64.Build.0 = Release|Any CPU
		{A182147E-F380-433E-995E-AA38EBD8BE87}.Release|x64.ActiveCfg = Release|Any CPU
		{A182147E-F380-433E-995E-AA38EBD8BE87}.Release|x64.Build.0 = Release|Any CPU
		{A182147E-F380-433E-995E-AA38EBD8BE87}.Release|x86.ActiveCfg = Release|Any CPU
		{A182147E-F380-433E-995E-AA38EBD8BE87}.Release|x86.Build.0 = Release|Any CPU
		{A182147E-F380-433E-995E-AA38EBD8BE87}.ReleaseNoProfiling|Any CPU.ActiveCfg = Debug|Any CPU
		{A182147E-F380-433E-995E-AA38EBD8BE87}.ReleaseNoProfiling|Any CPU.Build.0 = Debug|Any CPU
		{A182147E-F380-433E-995E-AA38EBD8BE87}.ReleaseNoProfiling|arm64.ActiveCfg = Debug|Any CPU
		{A182147E-F380-433E-995E-AA38EBD8BE87}.ReleaseNoProfiling|arm64.Build.0 = Debug|Any CPU
		{A182147E-F380-433E-995E-AA38EBD8BE87}.ReleaseNoProfiling|x64.ActiveCfg = Debug|Any CPU
		{A182147E-F380-433E-995E-AA38EBD8BE87}.ReleaseNoProfiling|x64.Build.0 = Debug|Any CPU
		{A182147E-F380-433E-995E-AA38EBD8BE87}.ReleaseNoProfiling|x86.ActiveCfg = Debug|Any CPU
		{A182147E-F380-433E-995E-AA38EBD8BE87}.ReleaseNoProfiling|x86.Build.0 = Debug|Any CPU
		{D0D207D7-1B26-4E47-B259-FF5272613F26}.Debug|Any CPU.ActiveCfg = Debug|Any CPU
		{D0D207D7-1B26-4E47-B259-FF5272613F26}.Debug|Any CPU.Build.0 = Debug|Any CPU
		{D0D207D7-1B26-4E47-B259-FF5272613F26}.Debug|arm64.ActiveCfg = Debug|Any CPU
		{D0D207D7-1B26-4E47-B259-FF5272613F26}.Debug|arm64.Build.0 = Debug|Any CPU
		{D0D207D7-1B26-4E47-B259-FF5272613F26}.Debug|x64.ActiveCfg = Debug|Any CPU
		{D0D207D7-1B26-4E47-B259-FF5272613F26}.Debug|x64.Build.0 = Debug|Any CPU
		{D0D207D7-1B26-4E47-B259-FF5272613F26}.Debug|x86.ActiveCfg = Debug|Any CPU
		{D0D207D7-1B26-4E47-B259-FF5272613F26}.Debug|x86.Build.0 = Debug|Any CPU
		{D0D207D7-1B26-4E47-B259-FF5272613F26}.Release|Any CPU.ActiveCfg = Release|Any CPU
		{D0D207D7-1B26-4E47-B259-FF5272613F26}.Release|Any CPU.Build.0 = Release|Any CPU
		{D0D207D7-1B26-4E47-B259-FF5272613F26}.Release|arm64.ActiveCfg = Release|Any CPU
		{D0D207D7-1B26-4E47-B259-FF5272613F26}.Release|arm64.Build.0 = Release|Any CPU
		{D0D207D7-1B26-4E47-B259-FF5272613F26}.Release|x64.ActiveCfg = Release|Any CPU
		{D0D207D7-1B26-4E47-B259-FF5272613F26}.Release|x64.Build.0 = Release|Any CPU
		{D0D207D7-1B26-4E47-B259-FF5272613F26}.Release|x86.ActiveCfg = Release|Any CPU
		{D0D207D7-1B26-4E47-B259-FF5272613F26}.Release|x86.Build.0 = Release|Any CPU
		{D0D207D7-1B26-4E47-B259-FF5272613F26}.ReleaseNoProfiling|Any CPU.ActiveCfg = Debug|Any CPU
		{D0D207D7-1B26-4E47-B259-FF5272613F26}.ReleaseNoProfiling|Any CPU.Build.0 = Debug|Any CPU
		{D0D207D7-1B26-4E47-B259-FF5272613F26}.ReleaseNoProfiling|arm64.ActiveCfg = Debug|Any CPU
		{D0D207D7-1B26-4E47-B259-FF5272613F26}.ReleaseNoProfiling|arm64.Build.0 = Debug|Any CPU
		{D0D207D7-1B26-4E47-B259-FF5272613F26}.ReleaseNoProfiling|x64.ActiveCfg = Debug|Any CPU
		{D0D207D7-1B26-4E47-B259-FF5272613F26}.ReleaseNoProfiling|x64.Build.0 = Debug|Any CPU
		{D0D207D7-1B26-4E47-B259-FF5272613F26}.ReleaseNoProfiling|x86.ActiveCfg = Debug|Any CPU
		{D0D207D7-1B26-4E47-B259-FF5272613F26}.ReleaseNoProfiling|x86.Build.0 = Debug|Any CPU
		{F77FB0AD-3C91-4DC9-AF77-D7C39654A894}.Debug|Any CPU.ActiveCfg = Debug|Any CPU
		{F77FB0AD-3C91-4DC9-AF77-D7C39654A894}.Debug|Any CPU.Build.0 = Debug|Any CPU
		{F77FB0AD-3C91-4DC9-AF77-D7C39654A894}.Debug|arm64.ActiveCfg = Debug|Any CPU
		{F77FB0AD-3C91-4DC9-AF77-D7C39654A894}.Debug|arm64.Build.0 = Debug|Any CPU
		{F77FB0AD-3C91-4DC9-AF77-D7C39654A894}.Debug|x64.ActiveCfg = Debug|Any CPU
		{F77FB0AD-3C91-4DC9-AF77-D7C39654A894}.Debug|x64.Build.0 = Debug|Any CPU
		{F77FB0AD-3C91-4DC9-AF77-D7C39654A894}.Debug|x86.ActiveCfg = Debug|Any CPU
		{F77FB0AD-3C91-4DC9-AF77-D7C39654A894}.Debug|x86.Build.0 = Debug|Any CPU
		{F77FB0AD-3C91-4DC9-AF77-D7C39654A894}.Release|Any CPU.ActiveCfg = Release|Any CPU
		{F77FB0AD-3C91-4DC9-AF77-D7C39654A894}.Release|Any CPU.Build.0 = Release|Any CPU
		{F77FB0AD-3C91-4DC9-AF77-D7C39654A894}.Release|arm64.ActiveCfg = Release|Any CPU
		{F77FB0AD-3C91-4DC9-AF77-D7C39654A894}.Release|arm64.Build.0 = Release|Any CPU
		{F77FB0AD-3C91-4DC9-AF77-D7C39654A894}.Release|x64.ActiveCfg = Release|Any CPU
		{F77FB0AD-3C91-4DC9-AF77-D7C39654A894}.Release|x64.Build.0 = Release|Any CPU
		{F77FB0AD-3C91-4DC9-AF77-D7C39654A894}.Release|x86.ActiveCfg = Release|Any CPU
		{F77FB0AD-3C91-4DC9-AF77-D7C39654A894}.Release|x86.Build.0 = Release|Any CPU
		{F77FB0AD-3C91-4DC9-AF77-D7C39654A894}.ReleaseNoProfiling|Any CPU.ActiveCfg = Release|Any CPU
		{F77FB0AD-3C91-4DC9-AF77-D7C39654A894}.ReleaseNoProfiling|Any CPU.Build.0 = Release|Any CPU
		{F77FB0AD-3C91-4DC9-AF77-D7C39654A894}.ReleaseNoProfiling|arm64.ActiveCfg = Release|Any CPU
		{F77FB0AD-3C91-4DC9-AF77-D7C39654A894}.ReleaseNoProfiling|arm64.Build.0 = Release|Any CPU
		{F77FB0AD-3C91-4DC9-AF77-D7C39654A894}.ReleaseNoProfiling|x64.ActiveCfg = Release|Any CPU
		{F77FB0AD-3C91-4DC9-AF77-D7C39654A894}.ReleaseNoProfiling|x64.Build.0 = Release|Any CPU
		{F77FB0AD-3C91-4DC9-AF77-D7C39654A894}.ReleaseNoProfiling|x86.ActiveCfg = Release|Any CPU
		{F77FB0AD-3C91-4DC9-AF77-D7C39654A894}.ReleaseNoProfiling|x86.Build.0 = Release|Any CPU
		{B31FBF90-2C9F-44E7-8399-D5F003BFA12E}.Debug|Any CPU.ActiveCfg = Debug|x64
		{B31FBF90-2C9F-44E7-8399-D5F003BFA12E}.Debug|Any CPU.Build.0 = Debug|x64
		{B31FBF90-2C9F-44E7-8399-D5F003BFA12E}.Debug|Any CPU.Deploy.0 = Debug|x64
		{B31FBF90-2C9F-44E7-8399-D5F003BFA12E}.Debug|arm64.ActiveCfg = Debug|arm64
		{B31FBF90-2C9F-44E7-8399-D5F003BFA12E}.Debug|arm64.Build.0 = Debug|arm64
		{B31FBF90-2C9F-44E7-8399-D5F003BFA12E}.Debug|arm64.Deploy.0 = Debug|arm64
		{B31FBF90-2C9F-44E7-8399-D5F003BFA12E}.Debug|x64.ActiveCfg = Debug|x64
		{B31FBF90-2C9F-44E7-8399-D5F003BFA12E}.Debug|x64.Build.0 = Debug|x64
		{B31FBF90-2C9F-44E7-8399-D5F003BFA12E}.Debug|x64.Deploy.0 = Debug|x64
		{B31FBF90-2C9F-44E7-8399-D5F003BFA12E}.Debug|x86.ActiveCfg = Debug|x86
		{B31FBF90-2C9F-44E7-8399-D5F003BFA12E}.Debug|x86.Build.0 = Debug|x86
		{B31FBF90-2C9F-44E7-8399-D5F003BFA12E}.Debug|x86.Deploy.0 = Debug|x86
		{B31FBF90-2C9F-44E7-8399-D5F003BFA12E}.Release|Any CPU.ActiveCfg = Release|x64
		{B31FBF90-2C9F-44E7-8399-D5F003BFA12E}.Release|Any CPU.Build.0 = Release|x64
		{B31FBF90-2C9F-44E7-8399-D5F003BFA12E}.Release|Any CPU.Deploy.0 = Release|x64
		{B31FBF90-2C9F-44E7-8399-D5F003BFA12E}.Release|arm64.ActiveCfg = Release|arm64
		{B31FBF90-2C9F-44E7-8399-D5F003BFA12E}.Release|arm64.Build.0 = Release|arm64
		{B31FBF90-2C9F-44E7-8399-D5F003BFA12E}.Release|arm64.Deploy.0 = Release|arm64
		{B31FBF90-2C9F-44E7-8399-D5F003BFA12E}.Release|x64.ActiveCfg = Release|x64
		{B31FBF90-2C9F-44E7-8399-D5F003BFA12E}.Release|x64.Build.0 = Release|x64
		{B31FBF90-2C9F-44E7-8399-D5F003BFA12E}.Release|x64.Deploy.0 = Release|x64
		{B31FBF90-2C9F-44E7-8399-D5F003BFA12E}.Release|x86.ActiveCfg = Release|x86
		{B31FBF90-2C9F-44E7-8399-D5F003BFA12E}.Release|x86.Build.0 = Release|x86
		{B31FBF90-2C9F-44E7-8399-D5F003BFA12E}.Release|x86.Deploy.0 = Release|x86
		{B31FBF90-2C9F-44E7-8399-D5F003BFA12E}.ReleaseNoProfiling|Any CPU.ActiveCfg = Release|x64
		{B31FBF90-2C9F-44E7-8399-D5F003BFA12E}.ReleaseNoProfiling|Any CPU.Build.0 = Release|x64
		{B31FBF90-2C9F-44E7-8399-D5F003BFA12E}.ReleaseNoProfiling|Any CPU.Deploy.0 = Release|x64
		{B31FBF90-2C9F-44E7-8399-D5F003BFA12E}.ReleaseNoProfiling|arm64.ActiveCfg = Release|arm64
		{B31FBF90-2C9F-44E7-8399-D5F003BFA12E}.ReleaseNoProfiling|arm64.Build.0 = Release|arm64
		{B31FBF90-2C9F-44E7-8399-D5F003BFA12E}.ReleaseNoProfiling|arm64.Deploy.0 = Release|arm64
		{B31FBF90-2C9F-44E7-8399-D5F003BFA12E}.ReleaseNoProfiling|x64.ActiveCfg = Release|x64
		{B31FBF90-2C9F-44E7-8399-D5F003BFA12E}.ReleaseNoProfiling|x64.Build.0 = Release|x64
		{B31FBF90-2C9F-44E7-8399-D5F003BFA12E}.ReleaseNoProfiling|x64.Deploy.0 = Release|x64
		{B31FBF90-2C9F-44E7-8399-D5F003BFA12E}.ReleaseNoProfiling|x86.ActiveCfg = Release|x86
		{B31FBF90-2C9F-44E7-8399-D5F003BFA12E}.ReleaseNoProfiling|x86.Build.0 = Release|x86
		{B31FBF90-2C9F-44E7-8399-D5F003BFA12E}.ReleaseNoProfiling|x86.Deploy.0 = Release|x86
	EndGlobalSection
	GlobalSection(SolutionProperties) = preSolution
		HideSolutionNode = FALSE
	EndGlobalSection
	GlobalSection(ExtensibilityGlobals) = postSolution
		SolutionGuid = {2C4A52FC-73DE-4876-8426-824572D9365E}
	EndGlobalSection
	GlobalSection(SharedMSBuildProjectFiles) = preSolution
		Wire.Shared\Wire.Shared.projitems*{1842530a-8edb-4a38-8d3f-06e33e1eeff6}*SharedItemsImports = 13
		BoomCode\BoomCode.projitems*{209d3d45-ec84-4bcd-a704-e7d0e799c50d}*SharedItemsImports = 13
		JoyceCode\JoyceCode.projitems*{4c6243f1-1b4f-4ecf-ace7-3e8e75b3b917}*SharedItemsImports = 5
		nogameCode\nogameCode.projitems*{4f362d4b-f5a4-4b0d-9bdf-3b5a808f15de}*SharedItemsImports = 5
		nogameCode\nogameCode.projitems*{65a59dba-280f-406d-b941-df4c68797ba5}*SharedItemsImports = 13
		BoomCode\BoomCode.projitems*{732a58f8-7a92-461e-a3a0-cf2c535e7d9b}*SharedItemsImports = 5
		JoyceCode\JoyceCode.projitems*{77780cb7-fbc2-4301-9187-2428ef25dc3d}*SharedItemsImports = 13
		Wire.Shared\Wire.Shared.projitems*{a3b474b2-0420-4375-89ab-a129bbb5c74c}*SharedItemsImports = 5
		WireClient.Shared\WireClient.Shared.projitems*{a5060fe1-62ea-4769-bd17-6c97caae65ef}*SharedItemsImports = 13
		WireClient.Shared\WireClient.Shared.projitems*{ba25f58f-e80e-4ef9-8613-f72fa4478892}*SharedItemsImports = 5
		WireServer.Shared\WireServer.Shared.projitems*{e9bf7137-96ed-4992-8b98-b3be438f6f66}*SharedItemsImports = 5
		WireServer.Shared\WireServer.Shared.projitems*{ee6affb0-624d-4b21-a6aa-b55e9e8a9280}*SharedItemsImports = 13
	EndGlobalSection
EndGlobal
