Microsoft Visual Studio Solution File, Format Version 12.00
# Visual Studio Version 16
VisualStudioVersion = 16.0.29920.165
MinimumVisualStudioVersion = 15.0.26124.0

Project("{9A19103F-16F7-4668-BE54-9A1E7A4F7556}") = "Barnaby", "Barnaby\Barnaby.csproj", "{A5B8155A-119F-4794-B551-C6F3CF7E5411}"
EndProject

Project("{FAE04EC0-301F-11D3-BF4B-00C04F79EFBC}") = "Barnaby.Mobile", "Barnaby.Mobile\Barnaby.Mobile.csproj", "{F741D2F8-9A8A-4A85-B14A-5136F41D23E4}"
EndProject

Project("{9A19103F-16F7-4668-BE54-9A1E7A4F7556}") = "Barnaby.Wasm", "Barnaby.Wasm\Barnaby.Wasm.csproj", "{40EA03F7-8A22-4143-B251-79BAC3EB13D2}"
EndProject

Project("{9A19103F-16F7-4668-BE54-9A1E7A4F7556}") = "Barnaby.Server", "Barnaby.Server\Barnaby.Server.csproj", "{40EA03F7-8A22-1234-B251-79BAC3EB13D2}"
EndProject

Project("{9A19103F-16F7-4668-BE54-9A1E7A4F7556}") = "Barnaby.Skia.Gtk", "Barnaby.Skia.Gtk\Barnaby.Skia.Gtk.csproj", "{A5B8155A-118F-4794-B551-C6F3CF7E5411}"
EndProject

Project("{9A19103F-16F7-4668-BE54-9A1E7A4F7556}") = "Barnaby.Skia.WPF", "Barnaby.Skia.WPF\Barnaby.Skia.WPF.csproj", "{DDA3CCBB-9DA0-47B6-94A1-CBDEED5B3DC2}"
EndProject

Project("{9A19103F-16F7-4668-BE54-9A1E7A4F7556}") = "Barnaby.Windows", "Barnaby.Windows\Barnaby.Windows.csproj", "{1AA13270-F438-4864-9435-54FD806E10EA}"
EndProject

Project("{9A19103F-16F7-4668-BE54-9A1E7A4F7556}") = "Barnaby.Skia.Linux.FrameBuffer", "Barnaby.Skia.Linux.FrameBuffer\Barnaby.Skia.Linux.FrameBuffer.csproj", "{761D821E-9905-4444-9ADF-76C995FE5427}"
EndProject

Global
	GlobalSection(SharedMSBuildProjectFiles) = preSolution
		Barnaby.Shared\Barnaby.Shared.projitems*{1aa13270-f438-4864-9435-54fd806e10ea}*SharedItemsImports = 5
		Barnaby.Shared\Barnaby.Shared.projitems*{57672DB3-2B75-4E7C-863E-D567267008CB}*SharedItemsImports = 4
		Barnaby.Shared\Barnaby.Shared.projitems*{40ea03f7-8a22-4143-b251-79bac3eb13d2}*SharedItemsImports = 5
		Barnaby.Shared\Barnaby.Shared.projitems*{DDA3CCBB-9DA0-47B6-94A1-CBDEED5B3DC2}*SharedItemsImports = 5
		Barnaby.Shared\Barnaby.Shared.projitems*{1D6879C7-E11F-467A-9B4D-56367083BB51}*SharedItemsImports = 4
		Barnaby.Shared\Barnaby.Shared.projitems*{B9D3DC4F-708D-4AA3-A4EB-6F118E47CBA9}*SharedItemsImports = 4
		Barnaby.Shared\Barnaby.Shared.projitems*{a5b8155a-118f-4794-b551-c6f3cf7e5411}*SharedItemsImports = 5
		Barnaby.Shared\Barnaby.Shared.projitems*{F741D2F8-9A8A-4A85-B14A-5136F41D23E4}*SharedItemsImports = 4
	EndGlobalSection
	GlobalSection(SolutionConfigurationPlatforms) = preSolution
		Debug|Any CPU = Debug|Any CPU
		Debug|ARM = Debug|ARM
		Debug|ARM64 = Debug|ARM64
		Debug|iPhone = Debug|iPhone
		Debug|iPhoneSimulator = Debug|iPhoneSimulator
		Debug|x64 = Debug|x64
		Debug|x86 = Debug|x86
		Release|Any CPU = Release|Any CPU
		Release|ARM = Release|ARM
		Release|ARM64 = Release|ARM64
		Release|iPhone = Release|iPhone
		Release|iPhoneSimulator = Release|iPhoneSimulator
		Release|x64 = Release|x64
		Release|x86 = Release|x86
	EndGlobalSection
	GlobalSection(ProjectConfigurationPlatforms) = postSolution
		{F741D2F8-9A8A-4A85-B14A-5136F41D23E4}.Debug|Any CPU.ActiveCfg = Debug|Any CPU
		{F741D2F8-9A8A-4A85-B14A-5136F41D23E4}.Debug|Any CPU.Build.0 = Debug|Any CPU
		{F741D2F8-9A8A-4A85-B14A-5136F41D23E4}.Debug|Any CPU.Deploy.0 = Debug|Any CPU
		{F741D2F8-9A8A-4A85-B14A-5136F41D23E4}.Debug|ARM.ActiveCfg = Debug|Any CPU
		{F741D2F8-9A8A-4A85-B14A-5136F41D23E4}.Debug|ARM.Build.0 = Debug|Any CPU
		{F741D2F8-9A8A-4A85-B14A-5136F41D23E4}.Debug|ARM.Deploy.0 = Debug|Any CPU
		{F741D2F8-9A8A-4A85-B14A-5136F41D23E4}.Debug|ARM64.ActiveCfg = Debug|Any CPU
		{F741D2F8-9A8A-4A85-B14A-5136F41D23E4}.Debug|ARM64.Build.0 = Debug|Any CPU
		{F741D2F8-9A8A-4A85-B14A-5136F41D23E4}.Debug|ARM64.Deploy.0 = Debug|Any CPU
		{F741D2F8-9A8A-4A85-B14A-5136F41D23E4}.Debug|iPhone.ActiveCfg = Debug|Any CPU
		{F741D2F8-9A8A-4A85-B14A-5136F41D23E4}.Debug|iPhone.Build.0 = Debug|Any CPU
		{F741D2F8-9A8A-4A85-B14A-5136F41D23E4}.Debug|iPhone.Deploy.0 = Debug|Any CPU
		{F741D2F8-9A8A-4A85-B14A-5136F41D23E4}.Debug|iPhoneSimulator.ActiveCfg = Debug|Any CPU
		{F741D2F8-9A8A-4A85-B14A-5136F41D23E4}.Debug|iPhoneSimulator.Build.0 = Debug|Any CPU
		{F741D2F8-9A8A-4A85-B14A-5136F41D23E4}.Debug|iPhoneSimulator.Deploy.0 = Debug|Any CPU
		{F741D2F8-9A8A-4A85-B14A-5136F41D23E4}.Debug|x64.ActiveCfg = Debug|Any CPU
		{F741D2F8-9A8A-4A85-B14A-5136F41D23E4}.Debug|x64.Build.0 = Debug|Any CPU
		{F741D2F8-9A8A-4A85-B14A-5136F41D23E4}.Debug|x64.Deploy.0 = Debug|Any CPU
		{F741D2F8-9A8A-4A85-B14A-5136F41D23E4}.Debug|x86.ActiveCfg = Debug|Any CPU
		{F741D2F8-9A8A-4A85-B14A-5136F41D23E4}.Debug|x86.Build.0 = Debug|Any CPU
		{F741D2F8-9A8A-4A85-B14A-5136F41D23E4}.Debug|x86.Deploy.0 = Debug|Any CPU

		{F741D2F8-9A8A-4A85-B14A-5136F41D23E4}.Release|Any CPU.ActiveCfg = Release|Any CPU
		{F741D2F8-9A8A-4A85-B14A-5136F41D23E4}.Release|Any CPU.Build.0 = Release|Any CPU
		{F741D2F8-9A8A-4A85-B14A-5136F41D23E4}.Release|Any CPU.Deploy.0 = Release|Any CPU
		{F741D2F8-9A8A-4A85-B14A-5136F41D23E4}.Release|ARM.ActiveCfg = Release|Any CPU
		{F741D2F8-9A8A-4A85-B14A-5136F41D23E4}.Release|ARM.Build.0 = Release|Any CPU
		{F741D2F8-9A8A-4A85-B14A-5136F41D23E4}.Release|ARM.Deploy.0 = Release|Any CPU
		{F741D2F8-9A8A-4A85-B14A-5136F41D23E4}.Release|ARM64.ActiveCfg = Release|Any CPU
		{F741D2F8-9A8A-4A85-B14A-5136F41D23E4}.Release|ARM64.Build.0 = Release|Any CPU
		{F741D2F8-9A8A-4A85-B14A-5136F41D23E4}.Release|ARM64.Deploy.0 = Release|Any CPU
		{F741D2F8-9A8A-4A85-B14A-5136F41D23E4}.Release|iPhone.ActiveCfg = Release|Any CPU
		{F741D2F8-9A8A-4A85-B14A-5136F41D23E4}.Release|iPhone.Build.0 = Release|Any CPU
		{F741D2F8-9A8A-4A85-B14A-5136F41D23E4}.Release|iPhone.Deploy.0 = Release|Any CPU
		{F741D2F8-9A8A-4A85-B14A-5136F41D23E4}.Release|iPhoneSimulator.ActiveCfg = Release|Any CPU
		{F741D2F8-9A8A-4A85-B14A-5136F41D23E4}.Release|iPhoneSimulator.Build.0 = Release|Any CPU
		{F741D2F8-9A8A-4A85-B14A-5136F41D23E4}.Release|iPhoneSimulator.Deploy.0 = Release|Any CPU
		{F741D2F8-9A8A-4A85-B14A-5136F41D23E4}.Release|x64.ActiveCfg = Release|Any CPU
		{F741D2F8-9A8A-4A85-B14A-5136F41D23E4}.Release|x64.Build.0 = Release|Any CPU
		{F741D2F8-9A8A-4A85-B14A-5136F41D23E4}.Release|x64.Deploy.0 = Release|Any CPU
		{F741D2F8-9A8A-4A85-B14A-5136F41D23E4}.Release|x86.ActiveCfg = Release|Any CPU
		{F741D2F8-9A8A-4A85-B14A-5136F41D23E4}.Release|x86.Build.0 = Release|Any CPU
		{F741D2F8-9A8A-4A85-B14A-5136F41D23E4}.Release|x86.Deploy.0 = Release|Any CPU
		{B9D3DC4F-708D-4AA3-A4EB-6F118E47CBA9}.Debug|Any CPU.ActiveCfg = Debug|iPhone
		{B9D3DC4F-708D-4AA3-A4EB-6F118E47CBA9}.Debug|Any CPU.Build.0 = Debug|iPhone
		{B9D3DC4F-708D-4AA3-A4EB-6F118E47CBA9}.Debug|Any CPU.Deploy.0 = Debug|iPhone
		{B9D3DC4F-708D-4AA3-A4EB-6F118E47CBA9}.Debug|ARM.ActiveCfg = Debug|iPhone
		{B9D3DC4F-708D-4AA3-A4EB-6F118E47CBA9}.Debug|ARM64.ActiveCfg = Debug|iPhone
		{B9D3DC4F-708D-4AA3-A4EB-6F118E47CBA9}.Debug|iPhone.ActiveCfg = Debug|iPhone
		{B9D3DC4F-708D-4AA3-A4EB-6F118E47CBA9}.Debug|iPhone.Build.0 = Debug|iPhone
		{B9D3DC4F-708D-4AA3-A4EB-6F118E47CBA9}.Debug|iPhoneSimulator.ActiveCfg = Debug|iPhoneSimulator
		{B9D3DC4F-708D-4AA3-A4EB-6F118E47CBA9}.Debug|iPhoneSimulator.Build.0 = Debug|iPhoneSimulator
		{B9D3DC4F-708D-4AA3-A4EB-6F118E47CBA9}.Debug|x64.ActiveCfg = Debug|iPhone
		{B9D3DC4F-708D-4AA3-A4EB-6F118E47CBA9}.Debug|x64.Build.0 = Debug|iPhone
		{B9D3DC4F-708D-4AA3-A4EB-6F118E47CBA9}.Debug|x64.Deploy.0 = Debug|iPhone
		{B9D3DC4F-708D-4AA3-A4EB-6F118E47CBA9}.Debug|x86.ActiveCfg = Debug|iPhoneSimulator
		{B9D3DC4F-708D-4AA3-A4EB-6F118E47CBA9}.Debug|x86.Build.0 = Debug|iPhoneSimulator
		{B9D3DC4F-708D-4AA3-A4EB-6F118E47CBA9}.Debug|x86.Deploy.0 = Debug|iPhoneSimulator
		{B9D3DC4F-708D-4AA3-A4EB-6F118E47CBA9}.Release|Any CPU.ActiveCfg = Release|iPhone
		{B9D3DC4F-708D-4AA3-A4EB-6F118E47CBA9}.Release|ARM.ActiveCfg = Release|iPhone
		{B9D3DC4F-708D-4AA3-A4EB-6F118E47CBA9}.Release|ARM64.ActiveCfg = Release|iPhone
		{B9D3DC4F-708D-4AA3-A4EB-6F118E47CBA9}.Release|iPhone.ActiveCfg = Release|iPhone
		{B9D3DC4F-708D-4AA3-A4EB-6F118E47CBA9}.Release|iPhone.Build.0 = Release|iPhone
		{B9D3DC4F-708D-4AA3-A4EB-6F118E47CBA9}.Release|iPhoneSimulator.ActiveCfg = Release|iPhoneSimulator
		{B9D3DC4F-708D-4AA3-A4EB-6F118E47CBA9}.Release|iPhoneSimulator.Build.0 = Release|iPhoneSimulator
		{B9D3DC4F-708D-4AA3-A4EB-6F118E47CBA9}.Release|x64.ActiveCfg = Release|iPhoneSimulator
		{B9D3DC4F-708D-4AA3-A4EB-6F118E47CBA9}.Release|x64.Build.0 = Release|iPhoneSimulator
		{B9D3DC4F-708D-4AA3-A4EB-6F118E47CBA9}.Release|x64.Deploy.0 = Release|iPhoneSimulator
		{B9D3DC4F-708D-4AA3-A4EB-6F118E47CBA9}.Release|x86.ActiveCfg = Release|iPhoneSimulator
		{B9D3DC4F-708D-4AA3-A4EB-6F118E47CBA9}.Release|x86.Build.0 = Release|iPhoneSimulator

		{1D6879C7-E11F-467A-9B4D-56367083BB51}.Debug|Any CPU.ActiveCfg = Debug|x86
		{1D6879C7-E11F-467A-9B4D-56367083BB51}.Debug|Any CPU.Build.0 = Debug|x86
		{1D6879C7-E11F-467A-9B4D-56367083BB51}.Debug|Any CPU.Deploy.0 = Debug|x86
		{1D6879C7-E11F-467A-9B4D-56367083BB51}.Debug|ARM.ActiveCfg = Debug|ARM
		{1D6879C7-E11F-467A-9B4D-56367083BB51}.Debug|ARM.Build.0 = Debug|ARM
		{1D6879C7-E11F-467A-9B4D-56367083BB51}.Debug|ARM.Deploy.0 = Debug|ARM
		{1D6879C7-E11F-467A-9B4D-56367083BB51}.Debug|ARM64.ActiveCfg = Debug|ARM64
		{1D6879C7-E11F-467A-9B4D-56367083BB51}.Debug|ARM64.Build.0 = Debug|ARM64
		{1D6879C7-E11F-467A-9B4D-56367083BB51}.Debug|ARM64.Deploy.0 = Debug|ARM64
		{1D6879C7-E11F-467A-9B4D-56367083BB51}.Debug|iPhone.ActiveCfg = Debug|x86
		{1D6879C7-E11F-467A-9B4D-56367083BB51}.Debug|iPhone.Build.0 = Debug|x86
		{1D6879C7-E11F-467A-9B4D-56367083BB51}.Debug|iPhone.Deploy.0 = Debug|x86
		{1D6879C7-E11F-467A-9B4D-56367083BB51}.Debug|iPhoneSimulator.ActiveCfg = Debug|x86
		{1D6879C7-E11F-467A-9B4D-56367083BB51}.Debug|iPhoneSimulator.Build.0 = Debug|x86
		{1D6879C7-E11F-467A-9B4D-56367083BB51}.Debug|iPhoneSimulator.Deploy.0 = Debug|x86
		{1D6879C7-E11F-467A-9B4D-56367083BB51}.Debug|x64.ActiveCfg = Debug|x64
		{1D6879C7-E11F-467A-9B4D-56367083BB51}.Debug|x64.Build.0 = Debug|x64
		{1D6879C7-E11F-467A-9B4D-56367083BB51}.Debug|x64.Deploy.0 = Debug|x64
		{1D6879C7-E11F-467A-9B4D-56367083BB51}.Debug|x86.ActiveCfg = Debug|x86
		{1D6879C7-E11F-467A-9B4D-56367083BB51}.Debug|x86.Build.0 = Debug|x86
		{1D6879C7-E11F-467A-9B4D-56367083BB51}.Debug|x86.Deploy.0 = Debug|x86
		{1D6879C7-E11F-467A-9B4D-56367083BB51}.Release|Any CPU.ActiveCfg = Release|x86
		{1D6879C7-E11F-467A-9B4D-56367083BB51}.Release|ARM.ActiveCfg = Release|ARM
		{1D6879C7-E11F-467A-9B4D-56367083BB51}.Release|ARM.Build.0 = Release|ARM
		{1D6879C7-E11F-467A-9B4D-56367083BB51}.Release|ARM.Deploy.0 = Release|ARM
		{1D6879C7-E11F-467A-9B4D-56367083BB51}.Release|ARM64.ActiveCfg = Release|ARM64
		{1D6879C7-E11F-467A-9B4D-56367083BB51}.Release|ARM64.Build.0 = Release|ARM64
		{1D6879C7-E11F-467A-9B4D-56367083BB51}.Release|ARM64.Deploy.0 = Release|ARM64
		{1D6879C7-E11F-467A-9B4D-56367083BB51}.Release|iPhone.ActiveCfg = Release|x86
		{1D6879C7-E11F-467A-9B4D-56367083BB51}.Release|iPhone.Build.0 = Release|x86
		{1D6879C7-E11F-467A-9B4D-56367083BB51}.Release|iPhoneSimulator.ActiveCfg = Release|x86
		{1D6879C7-E11F-467A-9B4D-56367083BB51}.Release|iPhoneSimulator.Build.0 = Release|x86
		{1D6879C7-E11F-467A-9B4D-56367083BB51}.Release|iPhoneSimulator.Deploy.0 = Release|x86
		{1D6879C7-E11F-467A-9B4D-56367083BB51}.Release|x64.ActiveCfg = Release|x64
		{1D6879C7-E11F-467A-9B4D-56367083BB51}.Release|x64.Build.0 = Release|x64
		{1D6879C7-E11F-467A-9B4D-56367083BB51}.Release|x64.Deploy.0 = Release|x64
		{1D6879C7-E11F-467A-9B4D-56367083BB51}.Release|x86.ActiveCfg = Release|x86
		{1D6879C7-E11F-467A-9B4D-56367083BB51}.Release|x86.Build.0 = Release|x86
		{1D6879C7-E11F-467A-9B4D-56367083BB51}.Release|x86.Deploy.0 = Release|x86

		{DDA3CCBB-9DA0-47B6-94A1-CBDEED5B3DC2}.Debug|Any CPU.ActiveCfg = Debug|Any CPU
		{DDA3CCBB-9DA0-47B6-94A1-CBDEED5B3DC2}.Debug|Any CPU.Build.0 = Debug|Any CPU
		{DDA3CCBB-9DA0-47B6-94A1-CBDEED5B3DC2}.Debug|Any CPU.Deploy.0 = Debug|Any CPU
		{DDA3CCBB-9DA0-47B6-94A1-CBDEED5B3DC2}.Debug|ARM.ActiveCfg = Debug|Any CPU
		{DDA3CCBB-9DA0-47B6-94A1-CBDEED5B3DC2}.Debug|ARM.Build.0 = Debug|Any CPU
		{DDA3CCBB-9DA0-47B6-94A1-CBDEED5B3DC2}.Debug|ARM.Deploy.0 = Debug|Any CPU
		{DDA3CCBB-9DA0-47B6-94A1-CBDEED5B3DC2}.Debug|ARM64.ActiveCfg = Debug|Any CPU
		{DDA3CCBB-9DA0-47B6-94A1-CBDEED5B3DC2}.Debug|ARM64.Build.0 = Debug|Any CPU
		{DDA3CCBB-9DA0-47B6-94A1-CBDEED5B3DC2}.Debug|ARM64.Deploy.0 = Debug|Any CPU
		{DDA3CCBB-9DA0-47B6-94A1-CBDEED5B3DC2}.Debug|iPhone.ActiveCfg = Debug|Any CPU
		{DDA3CCBB-9DA0-47B6-94A1-CBDEED5B3DC2}.Debug|iPhone.Build.0 = Debug|Any CPU
		{DDA3CCBB-9DA0-47B6-94A1-CBDEED5B3DC2}.Debug|iPhone.Deploy.0 = Debug|Any CPU
		{DDA3CCBB-9DA0-47B6-94A1-CBDEED5B3DC2}.Debug|iPhoneSimulator.ActiveCfg = Debug|Any CPU
		{DDA3CCBB-9DA0-47B6-94A1-CBDEED5B3DC2}.Debug|iPhoneSimulator.Build.0 = Debug|Any CPU
		{DDA3CCBB-9DA0-47B6-94A1-CBDEED5B3DC2}.Debug|iPhoneSimulator.Deploy.0 = Debug|Any CPU
		{DDA3CCBB-9DA0-47B6-94A1-CBDEED5B3DC2}.Debug|x64.ActiveCfg = Debug|Any CPU
		{DDA3CCBB-9DA0-47B6-94A1-CBDEED5B3DC2}.Debug|x64.Build.0 = Debug|Any CPU
		{DDA3CCBB-9DA0-47B6-94A1-CBDEED5B3DC2}.Debug|x64.Deploy.0 = Debug|Any CPU
		{DDA3CCBB-9DA0-47B6-94A1-CBDEED5B3DC2}.Debug|x86.ActiveCfg = Debug|Any CPU
		{DDA3CCBB-9DA0-47B6-94A1-CBDEED5B3DC2}.Debug|x86.Build.0 = Debug|Any CPU
		{DDA3CCBB-9DA0-47B6-94A1-CBDEED5B3DC2}.Debug|x86.Deploy.0 = Debug|Any CPU
		{DDA3CCBB-9DA0-47B6-94A1-CBDEED5B3DC2}.Release|Any CPU.ActiveCfg = Release|Any CPU
		{DDA3CCBB-9DA0-47B6-94A1-CBDEED5B3DC2}.Release|Any CPU.Build.0 = Release|Any CPU
		{DDA3CCBB-9DA0-47B6-94A1-CBDEED5B3DC2}.Release|ARM.ActiveCfg = Release|Any CPU
		{DDA3CCBB-9DA0-47B6-94A1-CBDEED5B3DC2}.Release|ARM.Build.0 = Release|Any CPU
		{DDA3CCBB-9DA0-47B6-94A1-CBDEED5B3DC2}.Release|ARM.Deploy.0 = Release|Any CPU
		{DDA3CCBB-9DA0-47B6-94A1-CBDEED5B3DC2}.Release|ARM64.ActiveCfg = Release|Any CPU
		{DDA3CCBB-9DA0-47B6-94A1-CBDEED5B3DC2}.Release|ARM64.Build.0 = Release|Any CPU
		{DDA3CCBB-9DA0-47B6-94A1-CBDEED5B3DC2}.Release|ARM64.Deploy.0 = Release|Any CPU
		{DDA3CCBB-9DA0-47B6-94A1-CBDEED5B3DC2}.Release|iPhone.ActiveCfg = Release|Any CPU
		{DDA3CCBB-9DA0-47B6-94A1-CBDEED5B3DC2}.Release|iPhone.Build.0 = Release|Any CPU
		{DDA3CCBB-9DA0-47B6-94A1-CBDEED5B3DC2}.Release|iPhoneSimulator.ActiveCfg = Release|Any CPU
		{DDA3CCBB-9DA0-47B6-94A1-CBDEED5B3DC2}.Release|iPhoneSimulator.Build.0 = Release|Any CPU
		{DDA3CCBB-9DA0-47B6-94A1-CBDEED5B3DC2}.Release|iPhoneSimulator.Deploy.0 = Release|Any CPU
		{DDA3CCBB-9DA0-47B6-94A1-CBDEED5B3DC2}.Release|x64.ActiveCfg = Release|Any CPU
		{DDA3CCBB-9DA0-47B6-94A1-CBDEED5B3DC2}.Release|x64.Build.0 = Release|Any CPU
		{DDA3CCBB-9DA0-47B6-94A1-CBDEED5B3DC2}.Release|x64.Deploy.0 = Release|Any CPU
		{DDA3CCBB-9DA0-47B6-94A1-CBDEED5B3DC2}.Release|x86.ActiveCfg = Release|Any CPU
		{DDA3CCBB-9DA0-47B6-94A1-CBDEED5B3DC2}.Release|x86.Build.0 = Release|Any CPU
		{DDA3CCBB-9DA0-47B6-94A1-CBDEED5B3DC2}.Release|x86.Deploy.0 = Release|Any CPU

		{A5B8155A-118F-4794-B551-C6F3CF7E5411}.Debug|Any CPU.ActiveCfg = Debug|Any CPU
		{A5B8155A-118F-4794-B551-C6F3CF7E5411}.Debug|Any CPU.Build.0 = Debug|Any CPU
		{A5B8155A-118F-4794-B551-C6F3CF7E5411}.Debug|ARM.ActiveCfg = Debug|Any CPU
		{A5B8155A-118F-4794-B551-C6F3CF7E5411}.Debug|ARM.Build.0 = Debug|Any CPU
		{A5B8155A-118F-4794-B551-C6F3CF7E5411}.Debug|ARM64.ActiveCfg = Debug|Any CPU
		{A5B8155A-118F-4794-B551-C6F3CF7E5411}.Debug|ARM64.Build.0 = Debug|Any CPU
		{A5B8155A-118F-4794-B551-C6F3CF7E5411}.Debug|iPhone.ActiveCfg = Debug|Any CPU
		{A5B8155A-118F-4794-B551-C6F3CF7E5411}.Debug|iPhone.Build.0 = Debug|Any CPU
		{A5B8155A-118F-4794-B551-C6F3CF7E5411}.Debug|iPhoneSimulator.ActiveCfg = Debug|Any CPU
		{A5B8155A-118F-4794-B551-C6F3CF7E5411}.Debug|iPhoneSimulator.Build.0 = Debug|Any CPU
		{A5B8155A-118F-4794-B551-C6F3CF7E5411}.Debug|x64.ActiveCfg = Debug|Any CPU
		{A5B8155A-118F-4794-B551-C6F3CF7E5411}.Debug|x64.Build.0 = Debug|Any CPU
		{A5B8155A-118F-4794-B551-C6F3CF7E5411}.Debug|x86.ActiveCfg = Debug|Any CPU
		{A5B8155A-118F-4794-B551-C6F3CF7E5411}.Debug|x86.Build.0 = Debug|Any CPU
		{A5B8155A-118F-4794-B551-C6F3CF7E5411}.Release|Any CPU.ActiveCfg = Release|Any CPU
		{A5B8155A-118F-4794-B551-C6F3CF7E5411}.Release|Any CPU.Build.0 = Release|Any CPU
		{A5B8155A-118F-4794-B551-C6F3CF7E5411}.Release|ARM.ActiveCfg = Release|Any CPU
		{A5B8155A-118F-4794-B551-C6F3CF7E5411}.Release|ARM.Build.0 = Release|Any CPU
		{A5B8155A-118F-4794-B551-C6F3CF7E5411}.Release|ARM64.ActiveCfg = Release|Any CPU
		{A5B8155A-118F-4794-B551-C6F3CF7E5411}.Release|ARM64.Build.0 = Release|Any CPU
		{A5B8155A-118F-4794-B551-C6F3CF7E5411}.Release|iPhone.ActiveCfg = Release|Any CPU
		{A5B8155A-118F-4794-B551-C6F3CF7E5411}.Release|iPhone.Build.0 = Release|Any CPU
		{A5B8155A-118F-4794-B551-C6F3CF7E5411}.Release|iPhoneSimulator.ActiveCfg = Release|Any CPU
		{A5B8155A-118F-4794-B551-C6F3CF7E5411}.Release|iPhoneSimulator.Build.0 = Release|Any CPU
		{A5B8155A-118F-4794-B551-C6F3CF7E5411}.Release|x64.ActiveCfg = Release|Any CPU
		{A5B8155A-118F-4794-B551-C6F3CF7E5411}.Release|x64.Build.0 = Release|Any CPU
		{A5B8155A-118F-4794-B551-C6F3CF7E5411}.Release|x86.ActiveCfg = Release|Any CPU
		{A5B8155A-118F-4794-B551-C6F3CF7E5411}.Release|x86.Build.0 = Release|Any CPU
		{1AA13270-F438-4864-9435-54FD806E10EA}.Debug|Any CPU.ActiveCfg = Debug|x86
		{1AA13270-F438-4864-9435-54FD806E10EA}.Debug|Any CPU.Build.0 = Debug|x86
		{1AA13270-F438-4864-9435-54FD806E10EA}.Debug|Any CPU.Deploy.0 = Debug|x86
		{1AA13270-F438-4864-9435-54FD806E10EA}.Debug|ARM.ActiveCfg = Debug|Any CPU
		{1AA13270-F438-4864-9435-54FD806E10EA}.Debug|ARM.Build.0 = Debug|Any CPU
		{1AA13270-F438-4864-9435-54FD806E10EA}.Debug|ARM64.ActiveCfg = Debug|x86
		{1AA13270-F438-4864-9435-54FD806E10EA}.Debug|ARM64.Build.0 = Debug|x86
		{1AA13270-F438-4864-9435-54FD806E10EA}.Debug|iPhone.ActiveCfg = Debug|Any CPU
		{1AA13270-F438-4864-9435-54FD806E10EA}.Debug|iPhone.Build.0 = Debug|Any CPU
		{1AA13270-F438-4864-9435-54FD806E10EA}.Debug|iPhoneSimulator.ActiveCfg = Debug|Any CPU
		{1AA13270-F438-4864-9435-54FD806E10EA}.Debug|iPhoneSimulator.Build.0 = Debug|Any CPU
		{1AA13270-F438-4864-9435-54FD806E10EA}.Debug|x64.ActiveCfg = Debug|x64
		{1AA13270-F438-4864-9435-54FD806E10EA}.Debug|x64.Build.0 = Debug|x64
		{1AA13270-F438-4864-9435-54FD806E10EA}.Debug|x64.Deploy.0 = Debug|x64
		{1AA13270-F438-4864-9435-54FD806E10EA}.Debug|x86.ActiveCfg = Debug|x86
		{1AA13270-F438-4864-9435-54FD806E10EA}.Debug|x86.Build.0 = Debug|x86
		{1AA13270-F438-4864-9435-54FD806E10EA}.Debug|x86.Deploy.0 = Debug|x86
		{1AA13270-F438-4864-9435-54FD806E10EA}.Release|Any CPU.ActiveCfg = Release|Any CPU
		{1AA13270-F438-4864-9435-54FD806E10EA}.Release|Any CPU.Build.0 = Release|Any CPU
		{1AA13270-F438-4864-9435-54FD806E10EA}.Release|Any CPU.Deploy.0 = Release|Any CPU
		{1AA13270-F438-4864-9435-54FD806E10EA}.Release|ARM.ActiveCfg = Release|Any CPU
		{1AA13270-F438-4864-9435-54FD806E10EA}.Release|ARM.Build.0 = Release|Any CPU
		{1AA13270-F438-4864-9435-54FD806E10EA}.Release|ARM64.ActiveCfg = Release|x86
		{1AA13270-F438-4864-9435-54FD806E10EA}.Release|ARM64.Build.0 = Release|x86
		{1AA13270-F438-4864-9435-54FD806E10EA}.Release|iPhone.ActiveCfg = Release|Any CPU
		{1AA13270-F438-4864-9435-54FD806E10EA}.Release|iPhone.Build.0 = Release|Any CPU
		{1AA13270-F438-4864-9435-54FD806E10EA}.Release|iPhoneSimulator.ActiveCfg = Release|Any CPU
		{1AA13270-F438-4864-9435-54FD806E10EA}.Release|iPhoneSimulator.Build.0 = Release|Any CPU
		{1AA13270-F438-4864-9435-54FD806E10EA}.Release|x64.ActiveCfg = Release|x64
		{1AA13270-F438-4864-9435-54FD806E10EA}.Release|x64.Build.0 = Release|x64
		{1AA13270-F438-4864-9435-54FD806E10EA}.Release|x64.Deploy.0 = Release|x64
		{1AA13270-F438-4864-9435-54FD806E10EA}.Release|x86.ActiveCfg = Release|x86
		{1AA13270-F438-4864-9435-54FD806E10EA}.Release|x86.Build.0 = Release|x86
		{1AA13270-F438-4864-9435-54FD806E10EA}.Release|x86.Deploy.0 = Release|x86

		{40EA03F7-8A22-4143-B251-79BAC3EB13D2}.Debug|Any CPU.ActiveCfg = Debug|Any CPU
		{40EA03F7-8A22-4143-B251-79BAC3EB13D2}.Debug|Any CPU.Build.0 = Debug|Any CPU
		{40EA03F7-8A22-4143-B251-79BAC3EB13D2}.Debug|ARM.ActiveCfg = Debug|Any CPU
		{40EA03F7-8A22-4143-B251-79BAC3EB13D2}.Debug|ARM.Build.0 = Debug|Any CPU
		{40EA03F7-8A22-4143-B251-79BAC3EB13D2}.Debug|ARM64.ActiveCfg = Debug|Any CPU
		{40EA03F7-8A22-4143-B251-79BAC3EB13D2}.Debug|ARM64.Build.0 = Debug|Any CPU
		{40EA03F7-8A22-4143-B251-79BAC3EB13D2}.Debug|iPhone.ActiveCfg = Debug|Any CPU
		{40EA03F7-8A22-4143-B251-79BAC3EB13D2}.Debug|iPhone.Build.0 = Debug|Any CPU
		{40EA03F7-8A22-4143-B251-79BAC3EB13D2}.Debug|iPhoneSimulator.ActiveCfg = Debug|Any CPU
		{40EA03F7-8A22-4143-B251-79BAC3EB13D2}.Debug|iPhoneSimulator.Build.0 = Debug|Any CPU
		{40EA03F7-8A22-4143-B251-79BAC3EB13D2}.Debug|x64.ActiveCfg = Debug|Any CPU
		{40EA03F7-8A22-4143-B251-79BAC3EB13D2}.Debug|x64.Build.0 = Debug|Any CPU
		{40EA03F7-8A22-4143-B251-79BAC3EB13D2}.Debug|x86.ActiveCfg = Debug|Any CPU
		{40EA03F7-8A22-4143-B251-79BAC3EB13D2}.Debug|x86.Build.0 = Debug|Any CPU
		{40EA03F7-8A22-4143-B251-79BAC3EB13D2}.Release|Any CPU.ActiveCfg = Release|Any CPU
		{40EA03F7-8A22-4143-B251-79BAC3EB13D2}.Release|Any CPU.Build.0 = Release|Any CPU
		{40EA03F7-8A22-4143-B251-79BAC3EB13D2}.Release|ARM.ActiveCfg = Release|Any CPU
		{40EA03F7-8A22-4143-B251-79BAC3EB13D2}.Release|ARM.Build.0 = Release|Any CPU
		{40EA03F7-8A22-4143-B251-79BAC3EB13D2}.Release|ARM64.ActiveCfg = Release|Any CPU
		{40EA03F7-8A22-4143-B251-79BAC3EB13D2}.Release|ARM64.Build.0 = Release|Any CPU
		{40EA03F7-8A22-4143-B251-79BAC3EB13D2}.Release|iPhone.ActiveCfg = Release|Any CPU
		{40EA03F7-8A22-4143-B251-79BAC3EB13D2}.Release|iPhone.Build.0 = Release|Any CPU
		{40EA03F7-8A22-4143-B251-79BAC3EB13D2}.Release|iPhoneSimulator.ActiveCfg = Release|Any CPU
		{40EA03F7-8A22-4143-B251-79BAC3EB13D2}.Release|iPhoneSimulator.Build.0 = Release|Any CPU
		{40EA03F7-8A22-4143-B251-79BAC3EB13D2}.Release|x64.ActiveCfg = Release|Any CPU
		{40EA03F7-8A22-4143-B251-79BAC3EB13D2}.Release|x64.Build.0 = Release|Any CPU
		{40EA03F7-8A22-4143-B251-79BAC3EB13D2}.Release|x86.ActiveCfg = Release|Any CPU
		{40EA03F7-8A22-4143-B251-79BAC3EB13D2}.Release|x86.Build.0 = Release|Any CPU

		{A5B8155A-119F-4794-B551-C6F3CF7E5411}.Debug|Any CPU.ActiveCfg = Debug|Any CPU
		{A5B8155A-119F-4794-B551-C6F3CF7E5411}.Debug|Any CPU.Build.0 = Debug|Any CPU
		{A5B8155A-119F-4794-B551-C6F3CF7E5411}.Debug|ARM.ActiveCfg = Debug|Any CPU
		{A5B8155A-119F-4794-B551-C6F3CF7E5411}.Debug|ARM.Build.0 = Debug|Any CPU
		{A5B8155A-119F-4794-B551-C6F3CF7E5411}.Debug|ARM64.ActiveCfg = Debug|Any CPU
		{A5B8155A-119F-4794-B551-C6F3CF7E5411}.Debug|ARM64.Build.0 = Debug|Any CPU
		{A5B8155A-119F-4794-B551-C6F3CF7E5411}.Debug|iPhone.ActiveCfg = Debug|Any CPU
		{A5B8155A-119F-4794-B551-C6F3CF7E5411}.Debug|iPhone.Build.0 = Debug|Any CPU
		{A5B8155A-119F-4794-B551-C6F3CF7E5411}.Debug|iPhoneSimulator.ActiveCfg = Debug|Any CPU
		{A5B8155A-119F-4794-B551-C6F3CF7E5411}.Debug|iPhoneSimulator.Build.0 = Debug|Any CPU
		{A5B8155A-119F-4794-B551-C6F3CF7E5411}.Debug|x64.ActiveCfg = Debug|Any CPU
		{A5B8155A-119F-4794-B551-C6F3CF7E5411}.Debug|x64.Build.0 = Debug|Any CPU
		{A5B8155A-119F-4794-B551-C6F3CF7E5411}.Debug|x86.ActiveCfg = Debug|Any CPU
		{A5B8155A-119F-4794-B551-C6F3CF7E5411}.Debug|x86.Build.0 = Debug|Any CPU
		{A5B8155A-119F-4794-B551-C6F3CF7E5411}.Release|Any CPU.ActiveCfg = Release|Any CPU
		{A5B8155A-119F-4794-B551-C6F3CF7E5411}.Release|Any CPU.Build.0 = Release|Any CPU
		{A5B8155A-119F-4794-B551-C6F3CF7E5411}.Release|ARM.ActiveCfg = Release|Any CPU
		{A5B8155A-119F-4794-B551-C6F3CF7E5411}.Release|ARM.Build.0 = Release|Any CPU
		{A5B8155A-119F-4794-B551-C6F3CF7E5411}.Release|ARM64.ActiveCfg = Release|Any CPU
		{A5B8155A-119F-4794-B551-C6F3CF7E5411}.Release|ARM64.Build.0 = Release|Any CPU
		{A5B8155A-119F-4794-B551-C6F3CF7E5411}.Release|iPhone.ActiveCfg = Release|Any CPU
		{A5B8155A-119F-4794-B551-C6F3CF7E5411}.Release|iPhone.Build.0 = Release|Any CPU
		{A5B8155A-119F-4794-B551-C6F3CF7E5411}.Release|iPhoneSimulator.ActiveCfg = Release|Any CPU
		{A5B8155A-119F-4794-B551-C6F3CF7E5411}.Release|iPhoneSimulator.Build.0 = Release|Any CPU
		{A5B8155A-119F-4794-B551-C6F3CF7E5411}.Release|x64.ActiveCfg = Release|Any CPU
		{A5B8155A-119F-4794-B551-C6F3CF7E5411}.Release|x64.Build.0 = Release|Any CPU
		{A5B8155A-119F-4794-B551-C6F3CF7E5411}.Release|x86.ActiveCfg = Release|Any CPU
		{A5B8155A-119F-4794-B551-C6F3CF7E5411}.Release|x86.Build.0 = Release|Any CPU

		{40EA03F7-8A22-1234-B251-79BAC3EB13D2}.Debug|Any CPU.ActiveCfg = Debug|Any CPU
		{40EA03F7-8A22-1234-B251-79BAC3EB13D2}.Debug|Any CPU.Build.0 = Debug|Any CPU
		{40EA03F7-8A22-1234-B251-79BAC3EB13D2}.Debug|ARM.ActiveCfg = Debug|Any CPU
		{40EA03F7-8A22-1234-B251-79BAC3EB13D2}.Debug|ARM.Build.0 = Debug|Any CPU
		{40EA03F7-8A22-1234-B251-79BAC3EB13D2}.Debug|ARM64.ActiveCfg = Debug|Any CPU
		{40EA03F7-8A22-1234-B251-79BAC3EB13D2}.Debug|ARM64.Build.0 = Debug|Any CPU
		{40EA03F7-8A22-1234-B251-79BAC3EB13D2}.Debug|iPhone.ActiveCfg = Debug|Any CPU
		{40EA03F7-8A22-1234-B251-79BAC3EB13D2}.Debug|iPhone.Build.0 = Debug|Any CPU
		{40EA03F7-8A22-1234-B251-79BAC3EB13D2}.Debug|iPhoneSimulator.ActiveCfg = Debug|Any CPU
		{40EA03F7-8A22-1234-B251-79BAC3EB13D2}.Debug|iPhoneSimulator.Build.0 = Debug|Any CPU
		{40EA03F7-8A22-1234-B251-79BAC3EB13D2}.Debug|x64.ActiveCfg = Debug|Any CPU
		{40EA03F7-8A22-1234-B251-79BAC3EB13D2}.Debug|x64.Build.0 = Debug|Any CPU
		{40EA03F7-8A22-1234-B251-79BAC3EB13D2}.Debug|x86.ActiveCfg = Debug|Any CPU
		{40EA03F7-8A22-1234-B251-79BAC3EB13D2}.Debug|x86.Build.0 = Debug|Any CPU
		{40EA03F7-8A22-1234-B251-79BAC3EB13D2}.Release|Any CPU.ActiveCfg = Release|Any CPU
		{40EA03F7-8A22-1234-B251-79BAC3EB13D2}.Release|Any CPU.Build.0 = Release|Any CPU
		{40EA03F7-8A22-1234-B251-79BAC3EB13D2}.Release|ARM.ActiveCfg = Release|Any CPU
		{40EA03F7-8A22-1234-B251-79BAC3EB13D2}.Release|ARM.Build.0 = Release|Any CPU
		{40EA03F7-8A22-1234-B251-79BAC3EB13D2}.Release|ARM64.ActiveCfg = Release|Any CPU
		{40EA03F7-8A22-1234-B251-79BAC3EB13D2}.Release|ARM64.Build.0 = Release|Any CPU
		{40EA03F7-8A22-1234-B251-79BAC3EB13D2}.Release|iPhone.ActiveCfg = Release|Any CPU
		{40EA03F7-8A22-1234-B251-79BAC3EB13D2}.Release|iPhone.Build.0 = Release|Any CPU
		{40EA03F7-8A22-1234-B251-79BAC3EB13D2}.Release|iPhoneSimulator.ActiveCfg = Release|Any CPU
		{40EA03F7-8A22-1234-B251-79BAC3EB13D2}.Release|iPhoneSimulator.Build.0 = Release|Any CPU
		{40EA03F7-8A22-1234-B251-79BAC3EB13D2}.Release|x64.ActiveCfg = Release|Any CPU
		{40EA03F7-8A22-1234-B251-79BAC3EB13D2}.Release|x64.Build.0 = Release|Any CPU
		{40EA03F7-8A22-1234-B251-79BAC3EB13D2}.Release|x86.ActiveCfg = Release|Any CPU
		{40EA03F7-8A22-1234-B251-79BAC3EB13D2}.Release|x86.Build.0 = Release|Any CPU

		{57672DB3-2B75-4E7C-863E-D567267008CB}.Debug|Any CPU.ActiveCfg = Debug|iPhoneSimulator
		{57672DB3-2B75-4E7C-863E-D567267008CB}.Debug|Any CPU.Build.0 = Debug|iPhoneSimulator
		{57672DB3-2B75-4E7C-863E-D567267008CB}.Debug|ARM.ActiveCfg = Debug|iPhoneSimulator
		{57672DB3-2B75-4E7C-863E-D567267008CB}.Debug|ARM64.ActiveCfg = Debug|iPhoneSimulator
		{57672DB3-2B75-4E7C-863E-D567267008CB}.Debug|iPhone.ActiveCfg = Debug|iPhoneSimulator
		{57672DB3-2B75-4E7C-863E-D567267008CB}.Debug|iPhone.Build.0 = Debug|iPhoneSimulator
		{57672DB3-2B75-4E7C-863E-D567267008CB}.Debug|iPhoneSimulator.ActiveCfg = Debug|iPhoneSimulator
		{57672DB3-2B75-4E7C-863E-D567267008CB}.Debug|iPhoneSimulator.Build.0 = Debug|iPhoneSimulator
		{57672DB3-2B75-4E7C-863E-D567267008CB}.Debug|x64.ActiveCfg = Debug|iPhoneSimulator
		{57672DB3-2B75-4E7C-863E-D567267008CB}.Debug|x64.Build.0 = Debug|iPhoneSimulator
		{57672DB3-2B75-4E7C-863E-D567267008CB}.Debug|x86.ActiveCfg = Debug|iPhoneSimulator
		{57672DB3-2B75-4E7C-863E-D567267008CB}.Debug|x86.Build.0 = Debug|iPhoneSimulator
		{57672DB3-2B75-4E7C-863E-D567267008CB}.Release|Any CPU.ActiveCfg = Release|iPhoneSimulator
		{57672DB3-2B75-4E7C-863E-D567267008CB}.Release|ARM.ActiveCfg = Release|iPhoneSimulator
		{57672DB3-2B75-4E7C-863E-D567267008CB}.Release|ARM64.ActiveCfg = Release|iPhoneSimulator
		{57672DB3-2B75-4E7C-863E-D567267008CB}.Release|iPhone.ActiveCfg = Release|iPhoneSimulator
		{57672DB3-2B75-4E7C-863E-D567267008CB}.Release|iPhone.Build.0 = Release|iPhoneSimulator
		{57672DB3-2B75-4E7C-863E-D567267008CB}.Release|iPhoneSimulator.ActiveCfg = Release|iPhoneSimulator
		{57672DB3-2B75-4E7C-863E-D567267008CB}.Release|iPhoneSimulator.Build.0 = Release|iPhoneSimulator
		{57672DB3-2B75-4E7C-863E-D567267008CB}.Release|x64.ActiveCfg = Release|iPhoneSimulator
		{57672DB3-2B75-4E7C-863E-D567267008CB}.Release|x64.Build.0 = Release|iPhoneSimulator
		{57672DB3-2B75-4E7C-863E-D567267008CB}.Release|x86.ActiveCfg = Release|iPhoneSimulator
		{57672DB3-2B75-4E7C-863E-D567267008CB}.Release|x86.Build.0 = Release|iPhoneSimulator

		{04D3A50A-BD96-4168-A331-3AC5E63800DE}.Debug|Any CPU.ActiveCfg = Debug|arm64
		{04D3A50A-BD96-4168-A331-3AC5E63800DE}.Debug|Any CPU.Build.0 = Debug|arm64
		{04D3A50A-BD96-4168-A331-3AC5E63800DE}.Debug|ARM.ActiveCfg = Debug|Any CPU
		{04D3A50A-BD96-4168-A331-3AC5E63800DE}.Debug|ARM.Build.0 = Debug|Any CPU
		{04D3A50A-BD96-4168-A331-3AC5E63800DE}.Debug|ARM64.ActiveCfg = Debug|arm64
		{04D3A50A-BD96-4168-A331-3AC5E63800DE}.Debug|ARM64.Build.0 = Debug|arm64
		{04D3A50A-BD96-4168-A331-3AC5E63800DE}.Debug|iPhone.ActiveCfg = Debug|Any CPU
		{04D3A50A-BD96-4168-A331-3AC5E63800DE}.Debug|iPhone.Build.0 = Debug|Any CPU
		{04D3A50A-BD96-4168-A331-3AC5E63800DE}.Debug|iPhoneSimulator.ActiveCfg = Debug|Any CPU
		{04D3A50A-BD96-4168-A331-3AC5E63800DE}.Debug|iPhoneSimulator.Build.0 = Debug|Any CPU
		{04D3A50A-BD96-4168-A331-3AC5E63800DE}.Debug|x64.ActiveCfg = Debug|x64
		{04D3A50A-BD96-4168-A331-3AC5E63800DE}.Debug|x64.Build.0 = Debug|x64
		{04D3A50A-BD96-4168-A331-3AC5E63800DE}.Debug|x86.ActiveCfg = Debug|x86
		{04D3A50A-BD96-4168-A331-3AC5E63800DE}.Debug|x86.Build.0 = Debug|x86
		{04D3A50A-BD96-4168-A331-3AC5E63800DE}.Release|Any CPU.ActiveCfg = Release|Any CPU
		{04D3A50A-BD96-4168-A331-3AC5E63800DE}.Release|Any CPU.Build.0 = Release|Any CPU
		{04D3A50A-BD96-4168-A331-3AC5E63800DE}.Release|ARM.ActiveCfg = Release|Any CPU
		{04D3A50A-BD96-4168-A331-3AC5E63800DE}.Release|ARM.Build.0 = Release|Any CPU
		{04D3A50A-BD96-4168-A331-3AC5E63800DE}.Release|ARM64.ActiveCfg = Release|arm64
		{04D3A50A-BD96-4168-A331-3AC5E63800DE}.Release|ARM64.Build.0 = Release|arm64
		{04D3A50A-BD96-4168-A331-3AC5E63800DE}.Release|iPhone.ActiveCfg = Release|Any CPU
		{04D3A50A-BD96-4168-A331-3AC5E63800DE}.Release|iPhone.Build.0 = Release|Any CPU
		{04D3A50A-BD96-4168-A331-3AC5E63800DE}.Release|iPhoneSimulator.ActiveCfg = Release|Any CPU
		{04D3A50A-BD96-4168-A331-3AC5E63800DE}.Release|iPhoneSimulator.Build.0 = Release|Any CPU
		{04D3A50A-BD96-4168-A331-3AC5E63800DE}.Release|x64.ActiveCfg = Release|x64
		{04D3A50A-BD96-4168-A331-3AC5E63800DE}.Release|x64.Build.0 = Release|x64
		{04D3A50A-BD96-4168-A331-3AC5E63800DE}.Release|x86.ActiveCfg = Release|x86
		{04D3A50A-BD96-4168-A331-3AC5E63800DE}.Release|x86.Build.0 = Release|x86

		{761D821E-9905-4444-9ADF-76C995FE5427}.Debug|Any CPU.ActiveCfg = Debug|Any CPU
		{761D821E-9905-4444-9ADF-76C995FE5427}.Debug|Any CPU.Build.0 = Debug|Any CPU
		{761D821E-9905-4444-9ADF-76C995FE5427}.Debug|ARM.ActiveCfg = Debug|Any CPU
		{761D821E-9905-4444-9ADF-76C995FE5427}.Debug|ARM.Build.0 = Debug|Any CPU
		{761D821E-9905-4444-9ADF-76C995FE5427}.Debug|ARM64.ActiveCfg = Debug|Any CPU
		{761D821E-9905-4444-9ADF-76C995FE5427}.Debug|ARM64.Build.0 = Debug|Any CPU
		{761D821E-9905-4444-9ADF-76C995FE5427}.Debug|iPhone.ActiveCfg = Debug|Any CPU
		{761D821E-9905-4444-9ADF-76C995FE5427}.Debug|iPhone.Build.0 = Debug|Any CPU
		{761D821E-9905-4444-9ADF-76C995FE5427}.Debug|iPhoneSimulator.ActiveCfg = Debug|Any CPU
		{761D821E-9905-4444-9ADF-76C995FE5427}.Debug|iPhoneSimulator.Build.0 = Debug|Any CPU
		{761D821E-9905-4444-9ADF-76C995FE5427}.Debug|x64.ActiveCfg = Debug|Any CPU
		{761D821E-9905-4444-9ADF-76C995FE5427}.Debug|x64.Build.0 = Debug|Any CPU
		{761D821E-9905-4444-9ADF-76C995FE5427}.Debug|x86.ActiveCfg = Debug|Any CPU
		{761D821E-9905-4444-9ADF-76C995FE5427}.Debug|x86.Build.0 = Debug|Any CPU
		{761D821E-9905-4444-9ADF-76C995FE5427}.Release|Any CPU.ActiveCfg = Release|Any CPU
		{761D821E-9905-4444-9ADF-76C995FE5427}.Release|Any CPU.Build.0 = Release|Any CPU
		{761D821E-9905-4444-9ADF-76C995FE5427}.Release|ARM.ActiveCfg = Release|Any CPU
		{761D821E-9905-4444-9ADF-76C995FE5427}.Release|ARM.Build.0 = Release|Any CPU
		{761D821E-9905-4444-9ADF-76C995FE5427}.Release|ARM64.ActiveCfg = Release|Any CPU
		{761D821E-9905-4444-9ADF-76C995FE5427}.Release|ARM64.Build.0 = Release|Any CPU
		{761D821E-9905-4444-9ADF-76C995FE5427}.Release|iPhone.ActiveCfg = Release|Any CPU
		{761D821E-9905-4444-9ADF-76C995FE5427}.Release|iPhone.Build.0 = Release|Any CPU
		{761D821E-9905-4444-9ADF-76C995FE5427}.Release|iPhoneSimulator.ActiveCfg = Release|Any CPU
		{761D821E-9905-4444-9ADF-76C995FE5427}.Release|iPhoneSimulator.Build.0 = Release|Any CPU
		{761D821E-9905-4444-9ADF-76C995FE5427}.Release|x64.ActiveCfg = Release|Any CPU
		{761D821E-9905-4444-9ADF-76C995FE5427}.Release|x64.Build.0 = Release|Any CPU
		{761D821E-9905-4444-9ADF-76C995FE5427}.Release|x86.ActiveCfg = Release|Any CPU
		{761D821E-9905-4444-9ADF-76C995FE5427}.Release|x86.Build.0 = Release|Any CPU

	EndGlobalSection
	GlobalSection(SolutionProperties) = preSolution
		HideSolutionNode = FALSE
	EndGlobalSection
	GlobalSection(ExtensibilityGlobals) = postSolution
		SolutionGuid = {C7433AE2-B1A0-4C1A-887E-5CAA7AAF67A6}
	EndGlobalSection
EndGlobal
